// !$*UTF8*$!
{
	archiveVersion = 1;
	classes = {
	};
	objectVersion = 56;
	objects = {

/* Begin PBXBuildFile section */
		3B333F2729D82EE2000CB370 /* README.md in Resources */ = {isa = PBXBuildFile; fileRef = 3B333F2629D82EE2000CB370 /* README.md */; };
		3B482D6D29D78D9D00FE909A /* EssentialFeedAPIEndToEndTests.swift in Sources */ = {isa = PBXBuildFile; fileRef = 3B482D6C29D78D9D00FE909A /* EssentialFeedAPIEndToEndTests.swift */; };
		3B482D7329D7918B00FE909A /* XCTestCase+trackForMemoryLeaks.swift in Sources */ = {isa = PBXBuildFile; fileRef = 3BC3187129D7501100922866 /* XCTestCase+trackForMemoryLeaks.swift */; };
		3BBE368D29D86D18008112A9 /* CacheFeedUseCaseTests.swift in Sources */ = {isa = PBXBuildFile; fileRef = 3BBE368C29D86D18008112A9 /* CacheFeedUseCaseTests.swift */; };
		3BC3183629D5C92400922866 /* EssentialFeedApp.swift in Sources */ = {isa = PBXBuildFile; fileRef = 3BC3183529D5C92400922866 /* EssentialFeedApp.swift */; };
		3BC3183829D5C92400922866 /* ContentView.swift in Sources */ = {isa = PBXBuildFile; fileRef = 3BC3183729D5C92400922866 /* ContentView.swift */; };
		3BC3183A29D5C92700922866 /* Assets.xcassets in Resources */ = {isa = PBXBuildFile; fileRef = 3BC3183929D5C92700922866 /* Assets.xcassets */; };
		3BC3183D29D5C92700922866 /* Preview Assets.xcassets in Resources */ = {isa = PBXBuildFile; fileRef = 3BC3183C29D5C92700922866 /* Preview Assets.xcassets */; };
		3BC3184729D5C92700922866 /* LoadFeedFromRemoteUseCaseTests.swift in Sources */ = {isa = PBXBuildFile; fileRef = 3BC3184629D5C92700922866 /* LoadFeedFromRemoteUseCaseTests.swift */; };
		3BC3186129D5C97B00922866 /* FeedImage.swift in Sources */ = {isa = PBXBuildFile; fileRef = 3BC3186029D5C97B00922866 /* FeedImage.swift */; };
		3BC3186429D5CAD000922866 /* FeedLoader.swift in Sources */ = {isa = PBXBuildFile; fileRef = 3BC3186329D5CAD000922866 /* FeedLoader.swift */; };
		3BC3186729D5E52400922866 /* RemoteFeedLoader.swift in Sources */ = {isa = PBXBuildFile; fileRef = 3BC3186629D5E52400922866 /* RemoteFeedLoader.swift */; };
		3BC3186A29D6CD8D00922866 /* HTTPClient.swift in Sources */ = {isa = PBXBuildFile; fileRef = 3BC3186929D6CD8D00922866 /* HTTPClient.swift */; };
		3BC3186C29D6CE1F00922866 /* FeedItemsMapper.swift in Sources */ = {isa = PBXBuildFile; fileRef = 3BC3186B29D6CE1F00922866 /* FeedItemsMapper.swift */; };
		3BC3186F29D6EF9500922866 /* URLSessionHTTPClientTests.swift in Sources */ = {isa = PBXBuildFile; fileRef = 3BC3186E29D6EF9500922866 /* URLSessionHTTPClientTests.swift */; };
		3BC3187229D7501100922866 /* XCTestCase+trackForMemoryLeaks.swift in Sources */ = {isa = PBXBuildFile; fileRef = 3BC3187129D7501100922866 /* XCTestCase+trackForMemoryLeaks.swift */; };
		3BC3187429D75FF900922866 /* URLSessionHttpClient.swift in Sources */ = {isa = PBXBuildFile; fileRef = 3BC3187329D75FF900922866 /* URLSessionHttpClient.swift */; };
		3BDA03DD29D8B5760059EBCC /* LocalFeedLoader.swift in Sources */ = {isa = PBXBuildFile; fileRef = 3BDA03DC29D8B5760059EBCC /* LocalFeedLoader.swift */; };
		3BDA03DF29D8B5D00059EBCC /* FeedStore.swift in Sources */ = {isa = PBXBuildFile; fileRef = 3BDA03DE29D8B5D00059EBCC /* FeedStore.swift */; };
		3BDA03E129D8E3060059EBCC /* RemoteFeedImage.swift in Sources */ = {isa = PBXBuildFile; fileRef = 3BDA03E029D8E3060059EBCC /* RemoteFeedImage.swift */; };
		3BDA03E329D8E34B0059EBCC /* LocalFeedItem.swift in Sources */ = {isa = PBXBuildFile; fileRef = 3BDA03E229D8E34B0059EBCC /* LocalFeedItem.swift */; };
		3BDA03E929D9736F0059EBCC /* LoadFeedFromCacheUseCaseTests.swift in Sources */ = {isa = PBXBuildFile; fileRef = 3BDA03E829D9736F0059EBCC /* LoadFeedFromCacheUseCaseTests.swift */; };
		3BDA03EB29D974F70059EBCC /* FeedStoreSpy.swift in Sources */ = {isa = PBXBuildFile; fileRef = 3BDA03EA29D974F70059EBCC /* FeedStoreSpy.swift */; };
/* End PBXBuildFile section */

/* Begin PBXContainerItemProxy section */
		3B482D6E29D78D9D00FE909A /* PBXContainerItemProxy */ = {
			isa = PBXContainerItemProxy;
			containerPortal = 3BC3182A29D5C92400922866 /* Project object */;
			proxyType = 1;
			remoteGlobalIDString = 3BC3183129D5C92400922866;
			remoteInfo = EssentialFeed;
		};
		3BC3184329D5C92700922866 /* PBXContainerItemProxy */ = {
			isa = PBXContainerItemProxy;
			containerPortal = 3BC3182A29D5C92400922866 /* Project object */;
			proxyType = 1;
			remoteGlobalIDString = 3BC3183129D5C92400922866;
			remoteInfo = EssentialFeed;
		};
/* End PBXContainerItemProxy section */

/* Begin PBXFileReference section */
		3B333F2629D82EE2000CB370 /* README.md */ = {isa = PBXFileReference; lastKnownFileType = net.daringfireball.markdown; path = README.md; sourceTree = "<group>"; };
		3B482D6A29D78D9D00FE909A /* EssentialFeedAPIEndToEndTests.xctest */ = {isa = PBXFileReference; explicitFileType = wrapper.cfbundle; includeInIndex = 0; path = EssentialFeedAPIEndToEndTests.xctest; sourceTree = BUILT_PRODUCTS_DIR; };
		3B482D6C29D78D9D00FE909A /* EssentialFeedAPIEndToEndTests.swift */ = {isa = PBXFileReference; lastKnownFileType = sourcecode.swift; path = EssentialFeedAPIEndToEndTests.swift; sourceTree = "<group>"; };
		3BBE368C29D86D18008112A9 /* CacheFeedUseCaseTests.swift */ = {isa = PBXFileReference; lastKnownFileType = sourcecode.swift; path = CacheFeedUseCaseTests.swift; sourceTree = "<group>"; };
		3BC3183229D5C92400922866 /* EssentialFeed.app */ = {isa = PBXFileReference; explicitFileType = wrapper.application; includeInIndex = 0; path = EssentialFeed.app; sourceTree = BUILT_PRODUCTS_DIR; };
		3BC3183529D5C92400922866 /* EssentialFeedApp.swift */ = {isa = PBXFileReference; lastKnownFileType = sourcecode.swift; path = EssentialFeedApp.swift; sourceTree = "<group>"; };
		3BC3183729D5C92400922866 /* ContentView.swift */ = {isa = PBXFileReference; lastKnownFileType = sourcecode.swift; path = ContentView.swift; sourceTree = "<group>"; };
		3BC3183929D5C92700922866 /* Assets.xcassets */ = {isa = PBXFileReference; lastKnownFileType = folder.assetcatalog; path = Assets.xcassets; sourceTree = "<group>"; };
		3BC3183C29D5C92700922866 /* Preview Assets.xcassets */ = {isa = PBXFileReference; lastKnownFileType = folder.assetcatalog; path = "Preview Assets.xcassets"; sourceTree = "<group>"; };
		3BC3184229D5C92700922866 /* EssentialFeedTests.xctest */ = {isa = PBXFileReference; explicitFileType = wrapper.cfbundle; includeInIndex = 0; path = EssentialFeedTests.xctest; sourceTree = BUILT_PRODUCTS_DIR; };
		3BC3184629D5C92700922866 /* LoadFeedFromRemoteUseCaseTests.swift */ = {isa = PBXFileReference; lastKnownFileType = sourcecode.swift; path = LoadFeedFromRemoteUseCaseTests.swift; sourceTree = "<group>"; };
		3BC3186029D5C97B00922866 /* FeedImage.swift */ = {isa = PBXFileReference; lastKnownFileType = sourcecode.swift; path = FeedImage.swift; sourceTree = "<group>"; };
		3BC3186329D5CAD000922866 /* FeedLoader.swift */ = {isa = PBXFileReference; lastKnownFileType = sourcecode.swift; path = FeedLoader.swift; sourceTree = "<group>"; };
		3BC3186629D5E52400922866 /* RemoteFeedLoader.swift */ = {isa = PBXFileReference; lastKnownFileType = sourcecode.swift; path = RemoteFeedLoader.swift; sourceTree = "<group>"; };
		3BC3186929D6CD8D00922866 /* HTTPClient.swift */ = {isa = PBXFileReference; lastKnownFileType = sourcecode.swift; path = HTTPClient.swift; sourceTree = "<group>"; };
		3BC3186B29D6CE1F00922866 /* FeedItemsMapper.swift */ = {isa = PBXFileReference; lastKnownFileType = sourcecode.swift; path = FeedItemsMapper.swift; sourceTree = "<group>"; };
		3BC3186E29D6EF9500922866 /* URLSessionHTTPClientTests.swift */ = {isa = PBXFileReference; lastKnownFileType = sourcecode.swift; path = URLSessionHTTPClientTests.swift; sourceTree = "<group>"; };
		3BC3187129D7501100922866 /* XCTestCase+trackForMemoryLeaks.swift */ = {isa = PBXFileReference; lastKnownFileType = sourcecode.swift; path = "XCTestCase+trackForMemoryLeaks.swift"; sourceTree = "<group>"; };
		3BC3187329D75FF900922866 /* URLSessionHttpClient.swift */ = {isa = PBXFileReference; lastKnownFileType = sourcecode.swift; path = URLSessionHttpClient.swift; sourceTree = "<group>"; };
		3BDA03DC29D8B5760059EBCC /* LocalFeedLoader.swift */ = {isa = PBXFileReference; lastKnownFileType = sourcecode.swift; path = LocalFeedLoader.swift; sourceTree = "<group>"; };
		3BDA03DE29D8B5D00059EBCC /* FeedStore.swift */ = {isa = PBXFileReference; lastKnownFileType = sourcecode.swift; path = FeedStore.swift; sourceTree = "<group>"; };
		3BDA03E029D8E3060059EBCC /* RemoteFeedImage.swift */ = {isa = PBXFileReference; lastKnownFileType = sourcecode.swift; path = RemoteFeedImage.swift; sourceTree = "<group>"; };
		3BDA03E229D8E34B0059EBCC /* LocalFeedItem.swift */ = {isa = PBXFileReference; lastKnownFileType = sourcecode.swift; path = LocalFeedItem.swift; sourceTree = "<group>"; };
		3BDA03E829D9736F0059EBCC /* LoadFeedFromCacheUseCaseTests.swift */ = {isa = PBXFileReference; lastKnownFileType = sourcecode.swift; path = LoadFeedFromCacheUseCaseTests.swift; sourceTree = "<group>"; };
		3BDA03EA29D974F70059EBCC /* FeedStoreSpy.swift */ = {isa = PBXFileReference; lastKnownFileType = sourcecode.swift; path = FeedStoreSpy.swift; sourceTree = "<group>"; };
/* End PBXFileReference section */

/* Begin PBXFrameworksBuildPhase section */
		3B482D6729D78D9D00FE909A /* Frameworks */ = {
			isa = PBXFrameworksBuildPhase;
			buildActionMask = 2147483647;
			files = (
			);
			runOnlyForDeploymentPostprocessing = 0;
		};
		3BC3182F29D5C92400922866 /* Frameworks */ = {
			isa = PBXFrameworksBuildPhase;
			buildActionMask = 2147483647;
			files = (
			);
			runOnlyForDeploymentPostprocessing = 0;
		};
		3BC3183F29D5C92700922866 /* Frameworks */ = {
			isa = PBXFrameworksBuildPhase;
			buildActionMask = 2147483647;
			files = (
			);
			runOnlyForDeploymentPostprocessing = 0;
		};
/* End PBXFrameworksBuildPhase section */

/* Begin PBXGroup section */
		3B482D6B29D78D9D00FE909A /* EssentialFeedAPIEndToEndTests */ = {
			isa = PBXGroup;
			children = (
				3B482D6C29D78D9D00FE909A /* EssentialFeedAPIEndToEndTests.swift */,
			);
			path = EssentialFeedAPIEndToEndTests;
			sourceTree = "<group>";
		};
		3BBE368B29D86C52008112A9 /* FeedCache */ = {
			isa = PBXGroup;
			children = (
				3BDA03EC29D9751C0059EBCC /* Helpers */,
				3BBE368C29D86D18008112A9 /* CacheFeedUseCaseTests.swift */,
				3BDA03E829D9736F0059EBCC /* LoadFeedFromCacheUseCaseTests.swift */,
			);
			path = FeedCache;
			sourceTree = "<group>";
		};
		3BC3182929D5C92400922866 = {
			isa = PBXGroup;
			children = (
				3B333F2629D82EE2000CB370 /* README.md */,
				3BC3183429D5C92400922866 /* EssentialFeed */,
				3BC3184529D5C92700922866 /* EssentialFeedTests */,
				3B482D6B29D78D9D00FE909A /* EssentialFeedAPIEndToEndTests */,
				3BC3183329D5C92400922866 /* Products */,
			);
			sourceTree = "<group>";
		};
		3BC3183329D5C92400922866 /* Products */ = {
			isa = PBXGroup;
			children = (
				3BC3183229D5C92400922866 /* EssentialFeed.app */,
				3BC3184229D5C92700922866 /* EssentialFeedTests.xctest */,
				3B482D6A29D78D9D00FE909A /* EssentialFeedAPIEndToEndTests.xctest */,
			);
			name = Products;
			sourceTree = "<group>";
		};
		3BC3183429D5C92400922866 /* EssentialFeed */ = {
			isa = PBXGroup;
			children = (
				3BDA03DB29D8B5610059EBCC /* FeedCache */,
				3BC3186529D5E50B00922866 /* FeedAPI */,
				3BC3185F29D5C96600922866 /* FeedFeature */,
				3BC3183529D5C92400922866 /* EssentialFeedApp.swift */,
				3BC3183729D5C92400922866 /* ContentView.swift */,
				3BC3183929D5C92700922866 /* Assets.xcassets */,
				3BC3183B29D5C92700922866 /* Preview Content */,
			);
			path = EssentialFeed;
			sourceTree = "<group>";
		};
		3BC3183B29D5C92700922866 /* Preview Content */ = {
			isa = PBXGroup;
			children = (
				3BC3183C29D5C92700922866 /* Preview Assets.xcassets */,
			);
			path = "Preview Content";
			sourceTree = "<group>";
		};
		3BC3184529D5C92700922866 /* EssentialFeedTests */ = {
			isa = PBXGroup;
			children = (
				3BC3187029D74FEB00922866 /* Helpers */,
				3BBE368B29D86C52008112A9 /* FeedCache */,
				3BC3186D29D6D68F00922866 /* FeedAPI */,
			);
			path = EssentialFeedTests;
			sourceTree = "<group>";
		};
		3BC3185F29D5C96600922866 /* FeedFeature */ = {
			isa = PBXGroup;
			children = (
				3BC3186029D5C97B00922866 /* FeedImage.swift */,
				3BC3186329D5CAD000922866 /* FeedLoader.swift */,
			);
			path = FeedFeature;
			sourceTree = "<group>";
		};
		3BC3186529D5E50B00922866 /* FeedAPI */ = {
			isa = PBXGroup;
			children = (
				3BC3186629D5E52400922866 /* RemoteFeedLoader.swift */,
				3BC3186B29D6CE1F00922866 /* FeedItemsMapper.swift */,
				3BC3186929D6CD8D00922866 /* HTTPClient.swift */,
				3BC3187329D75FF900922866 /* URLSessionHttpClient.swift */,
				3BDA03E029D8E3060059EBCC /* RemoteFeedImage.swift */,
			);
			path = FeedAPI;
			sourceTree = "<group>";
		};
		3BC3186D29D6D68F00922866 /* FeedAPI */ = {
			isa = PBXGroup;
			children = (
				3BC3184629D5C92700922866 /* LoadFeedFromRemoteUseCaseTests.swift */,
				3BC3186E29D6EF9500922866 /* URLSessionHTTPClientTests.swift */,
			);
			path = FeedAPI;
			sourceTree = "<group>";
		};
		3BC3187029D74FEB00922866 /* Helpers */ = {
			isa = PBXGroup;
			children = (
				3BC3187129D7501100922866 /* XCTestCase+trackForMemoryLeaks.swift */,
			);
			path = Helpers;
			sourceTree = "<group>";
		};
		3BDA03DB29D8B5610059EBCC /* FeedCache */ = {
			isa = PBXGroup;
			children = (
				3BDA03DC29D8B5760059EBCC /* LocalFeedLoader.swift */,
				3BDA03DE29D8B5D00059EBCC /* FeedStore.swift */,
				3BDA03E229D8E34B0059EBCC /* LocalFeedItem.swift */,
			);
			path = FeedCache;
			sourceTree = "<group>";
		};
		3BDA03EC29D9751C0059EBCC /* Helpers */ = {
			isa = PBXGroup;
			children = (
				3BDA03EA29D974F70059EBCC /* FeedStoreSpy.swift */,
			);
			path = Helpers;
			sourceTree = "<group>";
		};
/* End PBXGroup section */

/* Begin PBXNativeTarget section */
		3B482D6929D78D9D00FE909A /* EssentialFeedAPIEndToEndTests */ = {
			isa = PBXNativeTarget;
			buildConfigurationList = 3B482D7229D78D9D00FE909A /* Build configuration list for PBXNativeTarget "EssentialFeedAPIEndToEndTests" */;
			buildPhases = (
				3B482D6629D78D9D00FE909A /* Sources */,
				3B482D6729D78D9D00FE909A /* Frameworks */,
				3B482D6829D78D9D00FE909A /* Resources */,
			);
			buildRules = (
			);
			dependencies = (
				3B482D6F29D78D9D00FE909A /* PBXTargetDependency */,
			);
			name = EssentialFeedAPIEndToEndTests;
			productName = EssentialFeedAPIEndToEndTests;
			productReference = 3B482D6A29D78D9D00FE909A /* EssentialFeedAPIEndToEndTests.xctest */;
			productType = "com.apple.product-type.bundle.unit-test";
		};
		3BC3183129D5C92400922866 /* EssentialFeed */ = {
			isa = PBXNativeTarget;
			buildConfigurationList = 3BC3185629D5C92800922866 /* Build configuration list for PBXNativeTarget "EssentialFeed" */;
			buildPhases = (
				3BC3182E29D5C92400922866 /* Sources */,
				3BC3182F29D5C92400922866 /* Frameworks */,
				3BC3183029D5C92400922866 /* Resources */,
			);
			buildRules = (
			);
			dependencies = (
			);
			name = EssentialFeed;
			productName = EssentialFeed;
			productReference = 3BC3183229D5C92400922866 /* EssentialFeed.app */;
			productType = "com.apple.product-type.application";
		};
		3BC3184129D5C92700922866 /* EssentialFeedTests */ = {
			isa = PBXNativeTarget;
			buildConfigurationList = 3BC3185929D5C92800922866 /* Build configuration list for PBXNativeTarget "EssentialFeedTests" */;
			buildPhases = (
				3BC3183E29D5C92700922866 /* Sources */,
				3BC3183F29D5C92700922866 /* Frameworks */,
				3BC3184029D5C92700922866 /* Resources */,
			);
			buildRules = (
			);
			dependencies = (
				3BC3184429D5C92700922866 /* PBXTargetDependency */,
			);
			name = EssentialFeedTests;
			productName = EssentialFeedTests;
			productReference = 3BC3184229D5C92700922866 /* EssentialFeedTests.xctest */;
			productType = "com.apple.product-type.bundle.unit-test";
		};
/* End PBXNativeTarget section */

/* Begin PBXProject section */
		3BC3182A29D5C92400922866 /* Project object */ = {
			isa = PBXProject;
			attributes = {
				BuildIndependentTargetsInParallel = 1;
				LastSwiftUpdateCheck = 1420;
				LastUpgradeCheck = 1420;
				TargetAttributes = {
					3B482D6929D78D9D00FE909A = {
						CreatedOnToolsVersion = 14.2;
						TestTargetID = 3BC3183129D5C92400922866;
					};
					3BC3183129D5C92400922866 = {
						CreatedOnToolsVersion = 14.2;
					};
					3BC3184129D5C92700922866 = {
						CreatedOnToolsVersion = 14.2;
						TestTargetID = 3BC3183129D5C92400922866;
					};
				};
			};
			buildConfigurationList = 3BC3182D29D5C92400922866 /* Build configuration list for PBXProject "EssentialFeed" */;
			compatibilityVersion = "Xcode 14.0";
			developmentRegion = en;
			hasScannedForEncodings = 0;
			knownRegions = (
				en,
				Base,
			);
			mainGroup = 3BC3182929D5C92400922866;
			productRefGroup = 3BC3183329D5C92400922866 /* Products */;
			projectDirPath = "";
			projectRoot = "";
			targets = (
				3BC3183129D5C92400922866 /* EssentialFeed */,
				3BC3184129D5C92700922866 /* EssentialFeedTests */,
				3B482D6929D78D9D00FE909A /* EssentialFeedAPIEndToEndTests */,
			);
		};
/* End PBXProject section */

/* Begin PBXResourcesBuildPhase section */
		3B482D6829D78D9D00FE909A /* Resources */ = {
			isa = PBXResourcesBuildPhase;
			buildActionMask = 2147483647;
			files = (
			);
			runOnlyForDeploymentPostprocessing = 0;
		};
		3BC3183029D5C92400922866 /* Resources */ = {
			isa = PBXResourcesBuildPhase;
			buildActionMask = 2147483647;
			files = (
				3B333F2729D82EE2000CB370 /* README.md in Resources */,
				3BC3183D29D5C92700922866 /* Preview Assets.xcassets in Resources */,
				3BC3183A29D5C92700922866 /* Assets.xcassets in Resources */,
			);
			runOnlyForDeploymentPostprocessing = 0;
		};
		3BC3184029D5C92700922866 /* Resources */ = {
			isa = PBXResourcesBuildPhase;
			buildActionMask = 2147483647;
			files = (
			);
			runOnlyForDeploymentPostprocessing = 0;
		};
/* End PBXResourcesBuildPhase section */

/* Begin PBXSourcesBuildPhase section */
		3B482D6629D78D9D00FE909A /* Sources */ = {
			isa = PBXSourcesBuildPhase;
			buildActionMask = 2147483647;
			files = (
				3B482D7329D7918B00FE909A /* XCTestCase+trackForMemoryLeaks.swift in Sources */,
				3B482D6D29D78D9D00FE909A /* EssentialFeedAPIEndToEndTests.swift in Sources */,
			);
			runOnlyForDeploymentPostprocessing = 0;
		};
		3BC3182E29D5C92400922866 /* Sources */ = {
			isa = PBXSourcesBuildPhase;
			buildActionMask = 2147483647;
			files = (
				3BC3183829D5C92400922866 /* ContentView.swift in Sources */,
				3BC3183629D5C92400922866 /* EssentialFeedApp.swift in Sources */,
				3BC3186A29D6CD8D00922866 /* HTTPClient.swift in Sources */,
				3BDA03DD29D8B5760059EBCC /* LocalFeedLoader.swift in Sources */,
				3BDA03E329D8E34B0059EBCC /* LocalFeedItem.swift in Sources */,
				3BC3187429D75FF900922866 /* URLSessionHttpClient.swift in Sources */,
				3BDA03DF29D8B5D00059EBCC /* FeedStore.swift in Sources */,
				3BC3186C29D6CE1F00922866 /* FeedItemsMapper.swift in Sources */,
				3BC3186429D5CAD000922866 /* FeedLoader.swift in Sources */,
				3BC3186729D5E52400922866 /* RemoteFeedLoader.swift in Sources */,
				3BDA03E129D8E3060059EBCC /* RemoteFeedImage.swift in Sources */,
				3BC3186129D5C97B00922866 /* FeedImage.swift in Sources */,
			);
			runOnlyForDeploymentPostprocessing = 0;
		};
		3BC3183E29D5C92700922866 /* Sources */ = {
			isa = PBXSourcesBuildPhase;
			buildActionMask = 2147483647;
			files = (
				3BC3187229D7501100922866 /* XCTestCase+trackForMemoryLeaks.swift in Sources */,
				3BC3184729D5C92700922866 /* LoadFeedFromRemoteUseCaseTests.swift in Sources */,
				3BDA03EB29D974F70059EBCC /* FeedStoreSpy.swift in Sources */,
				3BBE368D29D86D18008112A9 /* CacheFeedUseCaseTests.swift in Sources */,
				3BDA03E929D9736F0059EBCC /* LoadFeedFromCacheUseCaseTests.swift in Sources */,
				3BC3186F29D6EF9500922866 /* URLSessionHTTPClientTests.swift in Sources */,
			);
			runOnlyForDeploymentPostprocessing = 0;
		};
/* End PBXSourcesBuildPhase section */

/* Begin PBXTargetDependency section */
		3B482D6F29D78D9D00FE909A /* PBXTargetDependency */ = {
			isa = PBXTargetDependency;
			target = 3BC3183129D5C92400922866 /* EssentialFeed */;
			targetProxy = 3B482D6E29D78D9D00FE909A /* PBXContainerItemProxy */;
		};
		3BC3184429D5C92700922866 /* PBXTargetDependency */ = {
			isa = PBXTargetDependency;
			target = 3BC3183129D5C92400922866 /* EssentialFeed */;
			targetProxy = 3BC3184329D5C92700922866 /* PBXContainerItemProxy */;
		};
/* End PBXTargetDependency section */

/* Begin XCBuildConfiguration section */
		3B482D7029D78D9D00FE909A /* Debug */ = {
			isa = XCBuildConfiguration;
			buildSettings = {
				BUNDLE_LOADER = "$(TEST_HOST)";
				CODE_SIGN_STYLE = Automatic;
				CURRENT_PROJECT_VERSION = 1;
				DEVELOPMENT_TEAM = M967Y25A5P;
				GENERATE_INFOPLIST_FILE = YES;
				MARKETING_VERSION = 1.0;
				PRODUCT_BUNDLE_IDENTIFIER = pbf.EssentialFeedAPIEndToEndTests;
				PRODUCT_NAME = "$(TARGET_NAME)";
				SWIFT_EMIT_LOC_STRINGS = NO;
				SWIFT_VERSION = 5.0;
				TARGETED_DEVICE_FAMILY = "1,2";
				TEST_HOST = "$(BUILT_PRODUCTS_DIR)/EssentialFeed.app/$(BUNDLE_EXECUTABLE_FOLDER_PATH)/EssentialFeed";
			};
			name = Debug;
		};
		3B482D7129D78D9D00FE909A /* Release */ = {
			isa = XCBuildConfiguration;
			buildSettings = {
				BUNDLE_LOADER = "$(TEST_HOST)";
				CODE_SIGN_STYLE = Automatic;
				CURRENT_PROJECT_VERSION = 1;
				DEVELOPMENT_TEAM = M967Y25A5P;
				GENERATE_INFOPLIST_FILE = YES;
				MARKETING_VERSION = 1.0;
				PRODUCT_BUNDLE_IDENTIFIER = pbf.EssentialFeedAPIEndToEndTests;
				PRODUCT_NAME = "$(TARGET_NAME)";
				SWIFT_EMIT_LOC_STRINGS = NO;
				SWIFT_VERSION = 5.0;
				TARGETED_DEVICE_FAMILY = "1,2";
				TEST_HOST = "$(BUILT_PRODUCTS_DIR)/EssentialFeed.app/$(BUNDLE_EXECUTABLE_FOLDER_PATH)/EssentialFeed";
			};
			name = Release;
		};
		3BC3185429D5C92800922866 /* Debug */ = {
			isa = XCBuildConfiguration;
			buildSettings = {
				ALWAYS_SEARCH_USER_PATHS = NO;
				CLANG_ANALYZER_NONNULL = YES;
				CLANG_ANALYZER_NUMBER_OBJECT_CONVERSION = YES_AGGRESSIVE;
				CLANG_CXX_LANGUAGE_STANDARD = "gnu++20";
				CLANG_ENABLE_MODULES = YES;
				CLANG_ENABLE_OBJC_ARC = YES;
				CLANG_ENABLE_OBJC_WEAK = YES;
				CLANG_WARN_BLOCK_CAPTURE_AUTORELEASING = YES;
				CLANG_WARN_BOOL_CONVERSION = YES;
				CLANG_WARN_COMMA = YES;
				CLANG_WARN_CONSTANT_CONVERSION = YES;
				CLANG_WARN_DEPRECATED_OBJC_IMPLEMENTATIONS = YES;
				CLANG_WARN_DIRECT_OBJC_ISA_USAGE = YES_ERROR;
				CLANG_WARN_DOCUMENTATION_COMMENTS = YES;
				CLANG_WARN_EMPTY_BODY = YES;
				CLANG_WARN_ENUM_CONVERSION = YES;
				CLANG_WARN_INFINITE_RECURSION = YES;
				CLANG_WARN_INT_CONVERSION = YES;
				CLANG_WARN_NON_LITERAL_NULL_CONVERSION = YES;
				CLANG_WARN_OBJC_IMPLICIT_RETAIN_SELF = YES;
				CLANG_WARN_OBJC_LITERAL_CONVERSION = YES;
				CLANG_WARN_OBJC_ROOT_CLASS = YES_ERROR;
				CLANG_WARN_QUOTED_INCLUDE_IN_FRAMEWORK_HEADER = YES;
				CLANG_WARN_RANGE_LOOP_ANALYSIS = YES;
				CLANG_WARN_STRICT_PROTOTYPES = YES;
				CLANG_WARN_SUSPICIOUS_MOVE = YES;
				CLANG_WARN_UNGUARDED_AVAILABILITY = YES_AGGRESSIVE;
				CLANG_WARN_UNREACHABLE_CODE = YES;
				CLANG_WARN__DUPLICATE_METHOD_MATCH = YES;
				COPY_PHASE_STRIP = NO;
				DEBUG_INFORMATION_FORMAT = dwarf;
				ENABLE_STRICT_OBJC_MSGSEND = YES;
				ENABLE_TESTABILITY = YES;
				GCC_C_LANGUAGE_STANDARD = gnu11;
				GCC_DYNAMIC_NO_PIC = NO;
				GCC_NO_COMMON_BLOCKS = YES;
				GCC_OPTIMIZATION_LEVEL = 0;
				GCC_PREPROCESSOR_DEFINITIONS = (
					"DEBUG=1",
					"$(inherited)",
				);
				GCC_WARN_64_TO_32_BIT_CONVERSION = YES;
				GCC_WARN_ABOUT_RETURN_TYPE = YES_ERROR;
				GCC_WARN_UNDECLARED_SELECTOR = YES;
				GCC_WARN_UNINITIALIZED_AUTOS = YES_AGGRESSIVE;
				GCC_WARN_UNUSED_FUNCTION = YES;
				GCC_WARN_UNUSED_VARIABLE = YES;
				IPHONEOS_DEPLOYMENT_TARGET = 16.2;
				MTL_ENABLE_DEBUG_INFO = INCLUDE_SOURCE;
				MTL_FAST_MATH = YES;
				ONLY_ACTIVE_ARCH = YES;
				SDKROOT = iphoneos;
				SWIFT_ACTIVE_COMPILATION_CONDITIONS = DEBUG;
				SWIFT_OPTIMIZATION_LEVEL = "-Onone";
			};
			name = Debug;
		};
		3BC3185529D5C92800922866 /* Release */ = {
			isa = XCBuildConfiguration;
			buildSettings = {
				ALWAYS_SEARCH_USER_PATHS = NO;
				CLANG_ANALYZER_NONNULL = YES;
				CLANG_ANALYZER_NUMBER_OBJECT_CONVERSION = YES_AGGRESSIVE;
				CLANG_CXX_LANGUAGE_STANDARD = "gnu++20";
				CLANG_ENABLE_MODULES = YES;
				CLANG_ENABLE_OBJC_ARC = YES;
				CLANG_ENABLE_OBJC_WEAK = YES;
				CLANG_WARN_BLOCK_CAPTURE_AUTORELEASING = YES;
				CLANG_WARN_BOOL_CONVERSION = YES;
				CLANG_WARN_COMMA = YES;
				CLANG_WARN_CONSTANT_CONVERSION = YES;
				CLANG_WARN_DEPRECATED_OBJC_IMPLEMENTATIONS = YES;
				CLANG_WARN_DIRECT_OBJC_ISA_USAGE = YES_ERROR;
				CLANG_WARN_DOCUMENTATION_COMMENTS = YES;
				CLANG_WARN_EMPTY_BODY = YES;
				CLANG_WARN_ENUM_CONVERSION = YES;
				CLANG_WARN_INFINITE_RECURSION = YES;
				CLANG_WARN_INT_CONVERSION = YES;
				CLANG_WARN_NON_LITERAL_NULL_CONVERSION = YES;
				CLANG_WARN_OBJC_IMPLICIT_RETAIN_SELF = YES;
				CLANG_WARN_OBJC_LITERAL_CONVERSION = YES;
				CLANG_WARN_OBJC_ROOT_CLASS = YES_ERROR;
				CLANG_WARN_QUOTED_INCLUDE_IN_FRAMEWORK_HEADER = YES;
				CLANG_WARN_RANGE_LOOP_ANALYSIS = YES;
				CLANG_WARN_STRICT_PROTOTYPES = YES;
				CLANG_WARN_SUSPICIOUS_MOVE = YES;
				CLANG_WARN_UNGUARDED_AVAILABILITY = YES_AGGRESSIVE;
				CLANG_WARN_UNREACHABLE_CODE = YES;
				CLANG_WARN__DUPLICATE_METHOD_MATCH = YES;
				COPY_PHASE_STRIP = NO;
				DEBUG_INFORMATION_FORMAT = "dwarf-with-dsym";
				ENABLE_NS_ASSERTIONS = NO;
				ENABLE_STRICT_OBJC_MSGSEND = YES;
				GCC_C_LANGUAGE_STANDARD = gnu11;
				GCC_NO_COMMON_BLOCKS = YES;
				GCC_WARN_64_TO_32_BIT_CONVERSION = YES;
				GCC_WARN_ABOUT_RETURN_TYPE = YES_ERROR;
				GCC_WARN_UNDECLARED_SELECTOR = YES;
				GCC_WARN_UNINITIALIZED_AUTOS = YES_AGGRESSIVE;
				GCC_WARN_UNUSED_FUNCTION = YES;
				GCC_WARN_UNUSED_VARIABLE = YES;
				IPHONEOS_DEPLOYMENT_TARGET = 16.2;
				MTL_ENABLE_DEBUG_INFO = NO;
				MTL_FAST_MATH = YES;
				SDKROOT = iphoneos;
				SWIFT_COMPILATION_MODE = wholemodule;
				SWIFT_OPTIMIZATION_LEVEL = "-O";
				VALIDATE_PRODUCT = YES;
			};
			name = Release;
		};
		3BC3185729D5C92800922866 /* Debug */ = {
			isa = XCBuildConfiguration;
			buildSettings = {
				ASSETCATALOG_COMPILER_APPICON_NAME = AppIcon;
				ASSETCATALOG_COMPILER_GLOBAL_ACCENT_COLOR_NAME = AccentColor;
				CODE_SIGN_STYLE = Automatic;
				CURRENT_PROJECT_VERSION = 1;
				DEVELOPMENT_ASSET_PATHS = "\"EssentialFeed/Preview Content\"";
				DEVELOPMENT_TEAM = M967Y25A5P;
				ENABLE_PREVIEWS = YES;
				GENERATE_INFOPLIST_FILE = YES;
				INFOPLIST_KEY_UIApplicationSceneManifest_Generation = YES;
				INFOPLIST_KEY_UIApplicationSupportsIndirectInputEvents = YES;
				INFOPLIST_KEY_UILaunchScreen_Generation = YES;
				INFOPLIST_KEY_UISupportedInterfaceOrientations_iPad = "UIInterfaceOrientationPortrait UIInterfaceOrientationPortraitUpsideDown UIInterfaceOrientationLandscapeLeft UIInterfaceOrientationLandscapeRight";
				INFOPLIST_KEY_UISupportedInterfaceOrientations_iPhone = "UIInterfaceOrientationPortrait UIInterfaceOrientationLandscapeLeft UIInterfaceOrientationLandscapeRight";
				LD_RUNPATH_SEARCH_PATHS = (
					"$(inherited)",
					"@executable_path/Frameworks",
				);
				MARKETING_VERSION = 1.0;
				PRODUCT_BUNDLE_IDENTIFIER = pbf.EssentialFeed;
				PRODUCT_NAME = "$(TARGET_NAME)";
				SWIFT_EMIT_LOC_STRINGS = YES;
				SWIFT_VERSION = 5.0;
				TARGETED_DEVICE_FAMILY = "1,2";
			};
			name = Debug;
		};
		3BC3185829D5C92800922866 /* Release */ = {
			isa = XCBuildConfiguration;
			buildSettings = {
				ASSETCATALOG_COMPILER_APPICON_NAME = AppIcon;
				ASSETCATALOG_COMPILER_GLOBAL_ACCENT_COLOR_NAME = AccentColor;
				CODE_SIGN_STYLE = Automatic;
				CURRENT_PROJECT_VERSION = 1;
				DEVELOPMENT_ASSET_PATHS = "\"EssentialFeed/Preview Content\"";
				DEVELOPMENT_TEAM = M967Y25A5P;
				ENABLE_PREVIEWS = YES;
				GENERATE_INFOPLIST_FILE = YES;
				INFOPLIST_KEY_UIApplicationSceneManifest_Generation = YES;
				INFOPLIST_KEY_UIApplicationSupportsIndirectInputEvents = YES;
				INFOPLIST_KEY_UILaunchScreen_Generation = YES;
				INFOPLIST_KEY_UISupportedInterfaceOrientations_iPad = "UIInterfaceOrientationPortrait UIInterfaceOrientationPortraitUpsideDown UIInterfaceOrientationLandscapeLeft UIInterfaceOrientationLandscapeRight";
				INFOPLIST_KEY_UISupportedInterfaceOrientations_iPhone = "UIInterfaceOrientationPortrait UIInterfaceOrientationLandscapeLeft UIInterfaceOrientationLandscapeRight";
				LD_RUNPATH_SEARCH_PATHS = (
					"$(inherited)",
					"@executable_path/Frameworks",
				);
				MARKETING_VERSION = 1.0;
				PRODUCT_BUNDLE_IDENTIFIER = pbf.EssentialFeed;
				PRODUCT_NAME = "$(TARGET_NAME)";
				SWIFT_EMIT_LOC_STRINGS = YES;
				SWIFT_VERSION = 5.0;
				TARGETED_DEVICE_FAMILY = "1,2";
			};
			name = Release;
		};
		3BC3185A29D5C92800922866 /* Debug */ = {
			isa = XCBuildConfiguration;
			buildSettings = {
				ALWAYS_EMBED_SWIFT_STANDARD_LIBRARIES = YES;
				BUNDLE_LOADER = "$(TEST_HOST)";
				CODE_SIGN_STYLE = Automatic;
				CURRENT_PROJECT_VERSION = 1;
				DEVELOPMENT_TEAM = M967Y25A5P;
				GENERATE_INFOPLIST_FILE = YES;
				IPHONEOS_DEPLOYMENT_TARGET = 16.2;
				MARKETING_VERSION = 1.0;
				PRODUCT_BUNDLE_IDENTIFIER = pbf.EssentialFeedTests;
				PRODUCT_NAME = "$(TARGET_NAME)";
				SWIFT_EMIT_LOC_STRINGS = NO;
				SWIFT_VERSION = 5.0;
				TARGETED_DEVICE_FAMILY = "1,2";
				TEST_HOST = "$(BUILT_PRODUCTS_DIR)/EssentialFeed.app/$(BUNDLE_EXECUTABLE_FOLDER_PATH)/EssentialFeed";
			};
			name = Debug;
		};
		3BC3185B29D5C92800922866 /* Release */ = {
			isa = XCBuildConfiguration;
			buildSettings = {
				ALWAYS_EMBED_SWIFT_STANDARD_LIBRARIES = YES;
				BUNDLE_LOADER = "$(TEST_HOST)";
				CODE_SIGN_STYLE = Automatic;
				CURRENT_PROJECT_VERSION = 1;
				DEVELOPMENT_TEAM = M967Y25A5P;
				GENERATE_INFOPLIST_FILE = YES;
				IPHONEOS_DEPLOYMENT_TARGET = 16.2;
				MARKETING_VERSION = 1.0;
				PRODUCT_BUNDLE_IDENTIFIER = pbf.EssentialFeedTests;
				PRODUCT_NAME = "$(TARGET_NAME)";
				SWIFT_EMIT_LOC_STRINGS = NO;
				SWIFT_VERSION = 5.0;
				TARGETED_DEVICE_FAMILY = "1,2";
				TEST_HOST = "$(BUILT_PRODUCTS_DIR)/EssentialFeed.app/$(BUNDLE_EXECUTABLE_FOLDER_PATH)/EssentialFeed";
			};
			name = Release;
		};
/* End XCBuildConfiguration section */

/* Begin XCConfigurationList section */
		3B482D7229D78D9D00FE909A /* Build configuration list for PBXNativeTarget "EssentialFeedAPIEndToEndTests" */ = {
			isa = XCConfigurationList;
			buildConfigurations = (
				3B482D7029D78D9D00FE909A /* Debug */,
				3B482D7129D78D9D00FE909A /* Release */,
			);
			defaultConfigurationIsVisible = 0;
			defaultConfigurationName = Release;
		};
		3BC3182D29D5C92400922866 /* Build configuration list for PBXProject "EssentialFeed" */ = {
			isa = XCConfigurationList;
			buildConfigurations = (
				3BC3185429D5C92800922866 /* Debug */,
				3BC3185529D5C92800922866 /* Release */,
			);
			defaultConfigurationIsVisible = 0;
			defaultConfigurationName = Release;
		};
		3BC3185629D5C92800922866 /* Build configuration list for PBXNativeTarget "EssentialFeed" */ = {
			isa = XCConfigurationList;
			buildConfigurations = (
				3BC3185729D5C92800922866 /* Debug */,
				3BC3185829D5C92800922866 /* Release */,
			);
			defaultConfigurationIsVisible = 0;
			defaultConfigurationName = Release;
		};
		3BC3185929D5C92800922866 /* Build configuration list for PBXNativeTarget "EssentialFeedTests" */ = {
			isa = XCConfigurationList;
			buildConfigurations = (
				3BC3185A29D5C92800922866 /* Debug */,
				3BC3185B29D5C92800922866 /* Release */,
			);
			defaultConfigurationIsVisible = 0;
			defaultConfigurationName = Release;
		};
/* End XCConfigurationList section */
	};
	rootObject = 3BC3182A29D5C92400922866 /* Project object */;
}
