// !$*UTF8*$!
{
	archiveVersion = 1;
	classes = {
	};
	objectVersion = 56;
	objects = {

/* Begin PBXBuildFile section */
		3BC10F3029E8A850002D280F /* AppDelegate.swift in Sources */ = {isa = PBXBuildFile; fileRef = 3BC10F2F29E8A850002D280F /* AppDelegate.swift */; };
		3BC10F3229E8A850002D280F /* SceneDelegate.swift in Sources */ = {isa = PBXBuildFile; fileRef = 3BC10F3129E8A850002D280F /* SceneDelegate.swift */; };
		3BC10F3429E8A850002D280F /* ViewController.swift in Sources */ = {isa = PBXBuildFile; fileRef = 3BC10F3329E8A850002D280F /* ViewController.swift */; };
		3BC10F3729E8A850002D280F /* Main.storyboard in Resources */ = {isa = PBXBuildFile; fileRef = 3BC10F3529E8A850002D280F /* Main.storyboard */; };
		3BC10F3929E8A852002D280F /* Assets.xcassets in Resources */ = {isa = PBXBuildFile; fileRef = 3BC10F3829E8A852002D280F /* Assets.xcassets */; };
		3BC10F3C29E8A852002D280F /* LaunchScreen.storyboard in Resources */ = {isa = PBXBuildFile; fileRef = 3BC10F3A29E8A852002D280F /* LaunchScreen.storyboard */; };
		3BC10F4729E8A852002D280F /* EssentialFeediOSTests.swift in Sources */ = {isa = PBXBuildFile; fileRef = 3BC10F4629E8A852002D280F /* EssentialFeediOSTests.swift */; };
		3BC10F6C29E8A87C002D280F /* EssentialFeed.framework in Frameworks */ = {isa = PBXBuildFile; fileRef = 3BC10F6429E8A87C002D280F /* EssentialFeed.framework */; };
		3BC10F7429E8A87C002D280F /* EssentialFeed.h in Headers */ = {isa = PBXBuildFile; fileRef = 3BC10F6629E8A87C002D280F /* EssentialFeed.h */; settings = {ATTRIBUTES = (Public, ); }; };
		3BC10F7729E8A87C002D280F /* EssentialFeed.framework in Frameworks */ = {isa = PBXBuildFile; fileRef = 3BC10F6429E8A87C002D280F /* EssentialFeed.framework */; };
		3BC10F7829E8A87C002D280F /* EssentialFeed.framework in Embed Frameworks */ = {isa = PBXBuildFile; fileRef = 3BC10F6429E8A87C002D280F /* EssentialFeed.framework */; settings = {ATTRIBUTES = (CodeSignOnCopy, RemoveHeadersOnCopy, ); }; };
		3BC10F8329E8A8FD002D280F /* LoadFeedFromRemoteUseCaseTests.swift in Sources */ = {isa = PBXBuildFile; fileRef = 3BC10F8129E8A8FD002D280F /* LoadFeedFromRemoteUseCaseTests.swift */; };
		3BC10F8429E8A8FD002D280F /* URLSessionHTTPClientTests.swift in Sources */ = {isa = PBXBuildFile; fileRef = 3BC10F8229E8A8FD002D280F /* URLSessionHTTPClientTests.swift */; };
		3BC10F9429E8A919002D280F /* FeedLoader.swift in Sources */ = {isa = PBXBuildFile; fileRef = 3BC10F8629E8A919002D280F /* FeedLoader.swift */; };
		3BC10F9529E8A91A002D280F /* FeedImage.swift in Sources */ = {isa = PBXBuildFile; fileRef = 3BC10F8729E8A919002D280F /* FeedImage.swift */; };
		3BC10F9629E8A91A002D280F /* URLSessionHttpClient.swift in Sources */ = {isa = PBXBuildFile; fileRef = 3BC10F8929E8A919002D280F /* URLSessionHttpClient.swift */; };
		3BC10F9729E8A91A002D280F /* RemoteFeedImage.swift in Sources */ = {isa = PBXBuildFile; fileRef = 3BC10F8A29E8A919002D280F /* RemoteFeedImage.swift */; };
		3BC10F9829E8A91A002D280F /* FeedItemsMapper.swift in Sources */ = {isa = PBXBuildFile; fileRef = 3BC10F8B29E8A919002D280F /* FeedItemsMapper.swift */; };
		3BC10F9929E8A91A002D280F /* HTTPClient.swift in Sources */ = {isa = PBXBuildFile; fileRef = 3BC10F8C29E8A919002D280F /* HTTPClient.swift */; };
		3BC10F9A29E8A91A002D280F /* RemoteFeedLoader.swift in Sources */ = {isa = PBXBuildFile; fileRef = 3BC10F8D29E8A919002D280F /* RemoteFeedLoader.swift */; };
		3BC10F9B29E8A91A002D280F /* CodableFeedStore.swift in Sources */ = {isa = PBXBuildFile; fileRef = 3BC10F8F29E8A919002D280F /* CodableFeedStore.swift */; };
		3BC10F9C29E8A91A002D280F /* LocalFeedLoader.swift in Sources */ = {isa = PBXBuildFile; fileRef = 3BC10F9029E8A919002D280F /* LocalFeedLoader.swift */; };
		3BC10F9D29E8A91A002D280F /* FeedStore.swift in Sources */ = {isa = PBXBuildFile; fileRef = 3BC10F9129E8A919002D280F /* FeedStore.swift */; };
		3BC10F9E29E8A91A002D280F /* LocalFeedImage.swift in Sources */ = {isa = PBXBuildFile; fileRef = 3BC10F9229E8A919002D280F /* LocalFeedImage.swift */; };
		3BC10F9F29E8A91A002D280F /* FeedCachePolicy.swift in Sources */ = {isa = PBXBuildFile; fileRef = 3BC10F9329E8A919002D280F /* FeedCachePolicy.swift */; };
		3BC10FAD29E8A939002D280F /* ValidateFeedCacheUseCacheTests.swift in Sources */ = {isa = PBXBuildFile; fileRef = 3BC10FA129E8A939002D280F /* ValidateFeedCacheUseCacheTests.swift */; };
		3BC10FAE29E8A939002D280F /* FeedStoreSpecs.swift in Sources */ = {isa = PBXBuildFile; fileRef = 3BC10FA229E8A939002D280F /* FeedStoreSpecs.swift */; };
		3BC10FAF29E8A939002D280F /* CacheFeedUseCaseTests.swift in Sources */ = {isa = PBXBuildFile; fileRef = 3BC10FA329E8A939002D280F /* CacheFeedUseCaseTests.swift */; };
		3BC10FB029E8A939002D280F /* CodableFeedStoreTests.swift in Sources */ = {isa = PBXBuildFile; fileRef = 3BC10FA429E8A939002D280F /* CodableFeedStoreTests.swift */; };
		3BC10FB129E8A939002D280F /* LoadFeedFromCacheUseCaseTests.swift in Sources */ = {isa = PBXBuildFile; fileRef = 3BC10FA529E8A939002D280F /* LoadFeedFromCacheUseCaseTests.swift */; };
		3BC10FB229E8A939002D280F /* XCTestCase+FeedStoreSpecs.swift in Sources */ = {isa = PBXBuildFile; fileRef = 3BC10FA729E8A939002D280F /* XCTestCase+FeedStoreSpecs.swift */; };
		3BC10FB329E8A939002D280F /* FeedStoreSpy.swift in Sources */ = {isa = PBXBuildFile; fileRef = 3BC10FA829E8A939002D280F /* FeedStoreSpy.swift */; };
		3BC10FB429E8A939002D280F /* FeedCacheTestHelpers.swift in Sources */ = {isa = PBXBuildFile; fileRef = 3BC10FA929E8A939002D280F /* FeedCacheTestHelpers.swift */; };
		3BC10FB529E8A939002D280F /* XCTestCase+trackForMemoryLeaks.swift in Sources */ = {isa = PBXBuildFile; fileRef = 3BC10FAB29E8A939002D280F /* XCTestCase+trackForMemoryLeaks.swift */; };
		3BC10FB629E8A939002D280F /* SharedTestsHelpers.swift in Sources */ = {isa = PBXBuildFile; fileRef = 3BC10FAC29E8A939002D280F /* SharedTestsHelpers.swift */; };
		3BC10FBF29E8A9C8002D280F /* EssentialFeed.framework in Frameworks */ = {isa = PBXBuildFile; fileRef = 3BC10F6429E8A87C002D280F /* EssentialFeed.framework */; platformFilter = ios; };
		3BC10FC629E8A9D3002D280F /* EssentialFeedAPIEndToEndTests.swift in Sources */ = {isa = PBXBuildFile; fileRef = 3BC10FC529E8A9D3002D280F /* EssentialFeedAPIEndToEndTests.swift */; };
		3BC10FC729E8A9F4002D280F /* XCTestCase+trackForMemoryLeaks.swift in Sources */ = {isa = PBXBuildFile; fileRef = 3BC10FAB29E8A939002D280F /* XCTestCase+trackForMemoryLeaks.swift */; };
/* End PBXBuildFile section */

/* Begin PBXContainerItemProxy section */
		3BC10F4329E8A852002D280F /* PBXContainerItemProxy */ = {
			isa = PBXContainerItemProxy;
			containerPortal = 3BC10F2429E8A850002D280F /* Project object */;
			proxyType = 1;
			remoteGlobalIDString = 3BC10F2B29E8A850002D280F;
			remoteInfo = EssentialFeediOS;
		};
		3BC10F6D29E8A87C002D280F /* PBXContainerItemProxy */ = {
			isa = PBXContainerItemProxy;
			containerPortal = 3BC10F2429E8A850002D280F /* Project object */;
			proxyType = 1;
			remoteGlobalIDString = 3BC10F6329E8A87C002D280F;
			remoteInfo = EssentialFeed;
		};
		3BC10F6F29E8A87C002D280F /* PBXContainerItemProxy */ = {
			isa = PBXContainerItemProxy;
			containerPortal = 3BC10F2429E8A850002D280F /* Project object */;
			proxyType = 1;
			remoteGlobalIDString = 3BC10F2B29E8A850002D280F;
			remoteInfo = EssentialFeediOS;
		};
		3BC10F7529E8A87C002D280F /* PBXContainerItemProxy */ = {
			isa = PBXContainerItemProxy;
			containerPortal = 3BC10F2429E8A850002D280F /* Project object */;
			proxyType = 1;
			remoteGlobalIDString = 3BC10F6329E8A87C002D280F;
			remoteInfo = EssentialFeed;
		};
		3BC10FC029E8A9C8002D280F /* PBXContainerItemProxy */ = {
			isa = PBXContainerItemProxy;
			containerPortal = 3BC10F2429E8A850002D280F /* Project object */;
			proxyType = 1;
			remoteGlobalIDString = 3BC10F6329E8A87C002D280F;
			remoteInfo = EssentialFeed;
		};
/* End PBXContainerItemProxy section */

/* Begin PBXCopyFilesBuildPhase section */
		3BC10F7C29E8A87C002D280F /* Embed Frameworks */ = {
			isa = PBXCopyFilesBuildPhase;
			buildActionMask = 2147483647;
			dstPath = "";
			dstSubfolderSpec = 10;
			files = (
				3BC10F7829E8A87C002D280F /* EssentialFeed.framework in Embed Frameworks */,
			);
			name = "Embed Frameworks";
			runOnlyForDeploymentPostprocessing = 0;
		};
/* End PBXCopyFilesBuildPhase section */

/* Begin PBXFileReference section */
		3BC10F2C29E8A850002D280F /* EssentialFeediOS.app */ = {isa = PBXFileReference; explicitFileType = wrapper.application; includeInIndex = 0; path = EssentialFeediOS.app; sourceTree = BUILT_PRODUCTS_DIR; };
		3BC10F2F29E8A850002D280F /* AppDelegate.swift */ = {isa = PBXFileReference; lastKnownFileType = sourcecode.swift; path = AppDelegate.swift; sourceTree = "<group>"; };
		3BC10F3129E8A850002D280F /* SceneDelegate.swift */ = {isa = PBXFileReference; lastKnownFileType = sourcecode.swift; path = SceneDelegate.swift; sourceTree = "<group>"; };
		3BC10F3329E8A850002D280F /* ViewController.swift */ = {isa = PBXFileReference; lastKnownFileType = sourcecode.swift; path = ViewController.swift; sourceTree = "<group>"; };
		3BC10F3629E8A850002D280F /* Base */ = {isa = PBXFileReference; lastKnownFileType = file.storyboard; name = Base; path = Base.lproj/Main.storyboard; sourceTree = "<group>"; };
		3BC10F3829E8A852002D280F /* Assets.xcassets */ = {isa = PBXFileReference; lastKnownFileType = folder.assetcatalog; path = Assets.xcassets; sourceTree = "<group>"; };
		3BC10F3B29E8A852002D280F /* Base */ = {isa = PBXFileReference; lastKnownFileType = file.storyboard; name = Base; path = Base.lproj/LaunchScreen.storyboard; sourceTree = "<group>"; };
		3BC10F3D29E8A852002D280F /* Info.plist */ = {isa = PBXFileReference; lastKnownFileType = text.plist.xml; path = Info.plist; sourceTree = "<group>"; };
		3BC10F4229E8A852002D280F /* EssentialFeediOSTests.xctest */ = {isa = PBXFileReference; explicitFileType = wrapper.cfbundle; includeInIndex = 0; path = EssentialFeediOSTests.xctest; sourceTree = BUILT_PRODUCTS_DIR; };
		3BC10F4629E8A852002D280F /* EssentialFeediOSTests.swift */ = {isa = PBXFileReference; lastKnownFileType = sourcecode.swift; path = EssentialFeediOSTests.swift; sourceTree = "<group>"; };
		3BC10F6429E8A87C002D280F /* EssentialFeed.framework */ = {isa = PBXFileReference; explicitFileType = wrapper.framework; includeInIndex = 0; path = EssentialFeed.framework; sourceTree = BUILT_PRODUCTS_DIR; };
		3BC10F6629E8A87C002D280F /* EssentialFeed.h */ = {isa = PBXFileReference; lastKnownFileType = sourcecode.c.h; path = EssentialFeed.h; sourceTree = "<group>"; };
		3BC10F6B29E8A87C002D280F /* EssentialFeedTests.xctest */ = {isa = PBXFileReference; explicitFileType = wrapper.cfbundle; includeInIndex = 0; path = EssentialFeedTests.xctest; sourceTree = BUILT_PRODUCTS_DIR; };
		3BC10F8129E8A8FD002D280F /* LoadFeedFromRemoteUseCaseTests.swift */ = {isa = PBXFileReference; fileEncoding = 4; lastKnownFileType = sourcecode.swift; path = LoadFeedFromRemoteUseCaseTests.swift; sourceTree = "<group>"; };
		3BC10F8229E8A8FD002D280F /* URLSessionHTTPClientTests.swift */ = {isa = PBXFileReference; fileEncoding = 4; lastKnownFileType = sourcecode.swift; path = URLSessionHTTPClientTests.swift; sourceTree = "<group>"; };
		3BC10F8629E8A919002D280F /* FeedLoader.swift */ = {isa = PBXFileReference; fileEncoding = 4; lastKnownFileType = sourcecode.swift; path = FeedLoader.swift; sourceTree = "<group>"; };
		3BC10F8729E8A919002D280F /* FeedImage.swift */ = {isa = PBXFileReference; fileEncoding = 4; lastKnownFileType = sourcecode.swift; path = FeedImage.swift; sourceTree = "<group>"; };
		3BC10F8929E8A919002D280F /* URLSessionHttpClient.swift */ = {isa = PBXFileReference; fileEncoding = 4; lastKnownFileType = sourcecode.swift; path = URLSessionHttpClient.swift; sourceTree = "<group>"; };
		3BC10F8A29E8A919002D280F /* RemoteFeedImage.swift */ = {isa = PBXFileReference; fileEncoding = 4; lastKnownFileType = sourcecode.swift; path = RemoteFeedImage.swift; sourceTree = "<group>"; };
		3BC10F8B29E8A919002D280F /* FeedItemsMapper.swift */ = {isa = PBXFileReference; fileEncoding = 4; lastKnownFileType = sourcecode.swift; path = FeedItemsMapper.swift; sourceTree = "<group>"; };
		3BC10F8C29E8A919002D280F /* HTTPClient.swift */ = {isa = PBXFileReference; fileEncoding = 4; lastKnownFileType = sourcecode.swift; path = HTTPClient.swift; sourceTree = "<group>"; };
		3BC10F8D29E8A919002D280F /* RemoteFeedLoader.swift */ = {isa = PBXFileReference; fileEncoding = 4; lastKnownFileType = sourcecode.swift; path = RemoteFeedLoader.swift; sourceTree = "<group>"; };
		3BC10F8F29E8A919002D280F /* CodableFeedStore.swift */ = {isa = PBXFileReference; fileEncoding = 4; lastKnownFileType = sourcecode.swift; path = CodableFeedStore.swift; sourceTree = "<group>"; };
		3BC10F9029E8A919002D280F /* LocalFeedLoader.swift */ = {isa = PBXFileReference; fileEncoding = 4; lastKnownFileType = sourcecode.swift; path = LocalFeedLoader.swift; sourceTree = "<group>"; };
		3BC10F9129E8A919002D280F /* FeedStore.swift */ = {isa = PBXFileReference; fileEncoding = 4; lastKnownFileType = sourcecode.swift; path = FeedStore.swift; sourceTree = "<group>"; };
		3BC10F9229E8A919002D280F /* LocalFeedImage.swift */ = {isa = PBXFileReference; fileEncoding = 4; lastKnownFileType = sourcecode.swift; path = LocalFeedImage.swift; sourceTree = "<group>"; };
		3BC10F9329E8A919002D280F /* FeedCachePolicy.swift */ = {isa = PBXFileReference; fileEncoding = 4; lastKnownFileType = sourcecode.swift; path = FeedCachePolicy.swift; sourceTree = "<group>"; };
		3BC10FA129E8A939002D280F /* ValidateFeedCacheUseCacheTests.swift */ = {isa = PBXFileReference; fileEncoding = 4; lastKnownFileType = sourcecode.swift; path = ValidateFeedCacheUseCacheTests.swift; sourceTree = "<group>"; };
		3BC10FA229E8A939002D280F /* FeedStoreSpecs.swift */ = {isa = PBXFileReference; fileEncoding = 4; lastKnownFileType = sourcecode.swift; path = FeedStoreSpecs.swift; sourceTree = "<group>"; };
		3BC10FA329E8A939002D280F /* CacheFeedUseCaseTests.swift */ = {isa = PBXFileReference; fileEncoding = 4; lastKnownFileType = sourcecode.swift; path = CacheFeedUseCaseTests.swift; sourceTree = "<group>"; };
		3BC10FA429E8A939002D280F /* CodableFeedStoreTests.swift */ = {isa = PBXFileReference; fileEncoding = 4; lastKnownFileType = sourcecode.swift; path = CodableFeedStoreTests.swift; sourceTree = "<group>"; };
		3BC10FA529E8A939002D280F /* LoadFeedFromCacheUseCaseTests.swift */ = {isa = PBXFileReference; fileEncoding = 4; lastKnownFileType = sourcecode.swift; path = LoadFeedFromCacheUseCaseTests.swift; sourceTree = "<group>"; };
		3BC10FA729E8A939002D280F /* XCTestCase+FeedStoreSpecs.swift */ = {isa = PBXFileReference; fileEncoding = 4; lastKnownFileType = sourcecode.swift; path = "XCTestCase+FeedStoreSpecs.swift"; sourceTree = "<group>"; };
		3BC10FA829E8A939002D280F /* FeedStoreSpy.swift */ = {isa = PBXFileReference; fileEncoding = 4; lastKnownFileType = sourcecode.swift; path = FeedStoreSpy.swift; sourceTree = "<group>"; };
		3BC10FA929E8A939002D280F /* FeedCacheTestHelpers.swift */ = {isa = PBXFileReference; fileEncoding = 4; lastKnownFileType = sourcecode.swift; path = FeedCacheTestHelpers.swift; sourceTree = "<group>"; };
		3BC10FAB29E8A939002D280F /* XCTestCase+trackForMemoryLeaks.swift */ = {isa = PBXFileReference; fileEncoding = 4; lastKnownFileType = sourcecode.swift; path = "XCTestCase+trackForMemoryLeaks.swift"; sourceTree = "<group>"; };
		3BC10FAC29E8A939002D280F /* SharedTestsHelpers.swift */ = {isa = PBXFileReference; fileEncoding = 4; lastKnownFileType = sourcecode.swift; path = SharedTestsHelpers.swift; sourceTree = "<group>"; };
		3BC10FBB29E8A9C8002D280F /* EssentialFeedAPIEndToEndTests.xctest */ = {isa = PBXFileReference; explicitFileType = wrapper.cfbundle; includeInIndex = 0; path = EssentialFeedAPIEndToEndTests.xctest; sourceTree = BUILT_PRODUCTS_DIR; };
		3BC10FC529E8A9D3002D280F /* EssentialFeedAPIEndToEndTests.swift */ = {isa = PBXFileReference; fileEncoding = 4; lastKnownFileType = sourcecode.swift; name = EssentialFeedAPIEndToEndTests.swift; path = ../../EssentialFeed1/EssentialFeedAPIEndToEndTests/EssentialFeedAPIEndToEndTests.swift; sourceTree = "<group>"; };
		3BC10FC829E8AA7F002D280F /* CI.xctestplan */ = {isa = PBXFileReference; lastKnownFileType = text; path = CI.xctestplan; sourceTree = "<group>"; };
/* End PBXFileReference section */

/* Begin PBXFrameworksBuildPhase section */
		3BC10F2929E8A850002D280F /* Frameworks */ = {
			isa = PBXFrameworksBuildPhase;
			buildActionMask = 2147483647;
			files = (
				3BC10F7729E8A87C002D280F /* EssentialFeed.framework in Frameworks */,
			);
			runOnlyForDeploymentPostprocessing = 0;
		};
		3BC10F3F29E8A852002D280F /* Frameworks */ = {
			isa = PBXFrameworksBuildPhase;
			buildActionMask = 2147483647;
			files = (
			);
			runOnlyForDeploymentPostprocessing = 0;
		};
		3BC10F6129E8A87C002D280F /* Frameworks */ = {
			isa = PBXFrameworksBuildPhase;
			buildActionMask = 2147483647;
			files = (
			);
			runOnlyForDeploymentPostprocessing = 0;
		};
		3BC10F6829E8A87C002D280F /* Frameworks */ = {
			isa = PBXFrameworksBuildPhase;
			buildActionMask = 2147483647;
			files = (
				3BC10F6C29E8A87C002D280F /* EssentialFeed.framework in Frameworks */,
			);
			runOnlyForDeploymentPostprocessing = 0;
		};
		3BC10FB829E8A9C8002D280F /* Frameworks */ = {
			isa = PBXFrameworksBuildPhase;
			buildActionMask = 2147483647;
			files = (
				3BC10FBF29E8A9C8002D280F /* EssentialFeed.framework in Frameworks */,
			);
			runOnlyForDeploymentPostprocessing = 0;
		};
/* End PBXFrameworksBuildPhase section */

/* Begin PBXGroup section */
		3BC10F2329E8A850002D280F = {
			isa = PBXGroup;
			children = (
				3BC10FC829E8AA7F002D280F /* CI.xctestplan */,
				3BC10F2E29E8A850002D280F /* EssentialFeediOS */,
				3BC10F4529E8A852002D280F /* EssentialFeediOSTests */,
				3BC10F6529E8A87C002D280F /* EssentialFeed */,
				3BC10F7129E8A87C002D280F /* EssentialFeedTests */,
				3BC10FBC29E8A9C8002D280F /* EssentialFeedAPIEndToEndTests */,
				3BC10F2D29E8A850002D280F /* Products */,
			);
			sourceTree = "<group>";
		};
		3BC10F2D29E8A850002D280F /* Products */ = {
			isa = PBXGroup;
			children = (
				3BC10F2C29E8A850002D280F /* EssentialFeediOS.app */,
				3BC10F4229E8A852002D280F /* EssentialFeediOSTests.xctest */,
				3BC10F6429E8A87C002D280F /* EssentialFeed.framework */,
				3BC10F6B29E8A87C002D280F /* EssentialFeedTests.xctest */,
				3BC10FBB29E8A9C8002D280F /* EssentialFeedAPIEndToEndTests.xctest */,
			);
			name = Products;
			sourceTree = "<group>";
		};
		3BC10F2E29E8A850002D280F /* EssentialFeediOS */ = {
			isa = PBXGroup;
			children = (
				3BC10F2F29E8A850002D280F /* AppDelegate.swift */,
				3BC10F3129E8A850002D280F /* SceneDelegate.swift */,
				3BC10F3329E8A850002D280F /* ViewController.swift */,
				3BC10F3529E8A850002D280F /* Main.storyboard */,
				3BC10F3829E8A852002D280F /* Assets.xcassets */,
				3BC10F3A29E8A852002D280F /* LaunchScreen.storyboard */,
				3BC10F3D29E8A852002D280F /* Info.plist */,
			);
			path = EssentialFeediOS;
			sourceTree = "<group>";
		};
		3BC10F4529E8A852002D280F /* EssentialFeediOSTests */ = {
			isa = PBXGroup;
			children = (
				3BC10F4629E8A852002D280F /* EssentialFeediOSTests.swift */,
			);
			path = EssentialFeediOSTests;
			sourceTree = "<group>";
		};
		3BC10F6529E8A87C002D280F /* EssentialFeed */ = {
			isa = PBXGroup;
			children = (
				3BC10F8829E8A919002D280F /* FeedAPI */,
				3BC10F8E29E8A919002D280F /* FeedCache */,
				3BC10F8529E8A919002D280F /* FeedFeature */,
				3BC10F6629E8A87C002D280F /* EssentialFeed.h */,
			);
			path = EssentialFeed;
			sourceTree = "<group>";
		};
		3BC10F7129E8A87C002D280F /* EssentialFeedTests */ = {
			isa = PBXGroup;
			children = (
				3BC10F8029E8A8FD002D280F /* FeedAPI */,
				3BC10FA029E8A939002D280F /* FeedCache */,
				3BC10FAA29E8A939002D280F /* Helpers */,
			);
			path = EssentialFeedTests;
			sourceTree = "<group>";
		};
		3BC10F8029E8A8FD002D280F /* FeedAPI */ = {
			isa = PBXGroup;
			children = (
				3BC10F8129E8A8FD002D280F /* LoadFeedFromRemoteUseCaseTests.swift */,
				3BC10F8229E8A8FD002D280F /* URLSessionHTTPClientTests.swift */,
			);
			path = FeedAPI;
			sourceTree = "<group>";
		};
		3BC10F8529E8A919002D280F /* FeedFeature */ = {
			isa = PBXGroup;
			children = (
				3BC10F8629E8A919002D280F /* FeedLoader.swift */,
				3BC10F8729E8A919002D280F /* FeedImage.swift */,
			);
			path = FeedFeature;
			sourceTree = "<group>";
		};
		3BC10F8829E8A919002D280F /* FeedAPI */ = {
			isa = PBXGroup;
			children = (
				3BC10F8929E8A919002D280F /* URLSessionHttpClient.swift */,
				3BC10F8A29E8A919002D280F /* RemoteFeedImage.swift */,
				3BC10F8B29E8A919002D280F /* FeedItemsMapper.swift */,
				3BC10F8C29E8A919002D280F /* HTTPClient.swift */,
				3BC10F8D29E8A919002D280F /* RemoteFeedLoader.swift */,
			);
			path = FeedAPI;
			sourceTree = "<group>";
		};
		3BC10F8E29E8A919002D280F /* FeedCache */ = {
			isa = PBXGroup;
			children = (
				3BC10F8F29E8A919002D280F /* CodableFeedStore.swift */,
				3BC10F9029E8A919002D280F /* LocalFeedLoader.swift */,
				3BC10F9129E8A919002D280F /* FeedStore.swift */,
				3BC10F9229E8A919002D280F /* LocalFeedImage.swift */,
				3BC10F9329E8A919002D280F /* FeedCachePolicy.swift */,
			);
			path = FeedCache;
			sourceTree = "<group>";
		};
		3BC10FA029E8A939002D280F /* FeedCache */ = {
			isa = PBXGroup;
			children = (
				3BC10FA129E8A939002D280F /* ValidateFeedCacheUseCacheTests.swift */,
				3BC10FA229E8A939002D280F /* FeedStoreSpecs.swift */,
				3BC10FA329E8A939002D280F /* CacheFeedUseCaseTests.swift */,
				3BC10FA429E8A939002D280F /* CodableFeedStoreTests.swift */,
				3BC10FA529E8A939002D280F /* LoadFeedFromCacheUseCaseTests.swift */,
				3BC10FA629E8A939002D280F /* Helpers */,
			);
			path = FeedCache;
			sourceTree = "<group>";
		};
		3BC10FA629E8A939002D280F /* Helpers */ = {
			isa = PBXGroup;
			children = (
				3BC10FA729E8A939002D280F /* XCTestCase+FeedStoreSpecs.swift */,
				3BC10FA829E8A939002D280F /* FeedStoreSpy.swift */,
				3BC10FA929E8A939002D280F /* FeedCacheTestHelpers.swift */,
			);
			path = Helpers;
			sourceTree = "<group>";
		};
		3BC10FAA29E8A939002D280F /* Helpers */ = {
			isa = PBXGroup;
			children = (
				3BC10FAB29E8A939002D280F /* XCTestCase+trackForMemoryLeaks.swift */,
				3BC10FAC29E8A939002D280F /* SharedTestsHelpers.swift */,
			);
			path = Helpers;
			sourceTree = "<group>";
		};
		3BC10FBC29E8A9C8002D280F /* EssentialFeedAPIEndToEndTests */ = {
			isa = PBXGroup;
			children = (
				3BC10FC529E8A9D3002D280F /* EssentialFeedAPIEndToEndTests.swift */,
			);
			path = EssentialFeedAPIEndToEndTests;
			sourceTree = "<group>";
		};
/* End PBXGroup section */

/* Begin PBXHeadersBuildPhase section */
		3BC10F5F29E8A87C002D280F /* Headers */ = {
			isa = PBXHeadersBuildPhase;
			buildActionMask = 2147483647;
			files = (
				3BC10F7429E8A87C002D280F /* EssentialFeed.h in Headers */,
			);
			runOnlyForDeploymentPostprocessing = 0;
		};
/* End PBXHeadersBuildPhase section */

/* Begin PBXNativeTarget section */
		3BC10F2B29E8A850002D280F /* EssentialFeediOS */ = {
			isa = PBXNativeTarget;
			buildConfigurationList = 3BC10F5629E8A852002D280F /* Build configuration list for PBXNativeTarget "EssentialFeediOS" */;
			buildPhases = (
				3BC10F2829E8A850002D280F /* Sources */,
				3BC10F2929E8A850002D280F /* Frameworks */,
				3BC10F2A29E8A850002D280F /* Resources */,
				3BC10F7C29E8A87C002D280F /* Embed Frameworks */,
			);
			buildRules = (
			);
			dependencies = (
				3BC10F7629E8A87C002D280F /* PBXTargetDependency */,
			);
			name = EssentialFeediOS;
			productName = EssentialFeediOS;
			productReference = 3BC10F2C29E8A850002D280F /* EssentialFeediOS.app */;
			productType = "com.apple.product-type.application";
		};
		3BC10F4129E8A852002D280F /* EssentialFeediOSTests */ = {
			isa = PBXNativeTarget;
			buildConfigurationList = 3BC10F5929E8A852002D280F /* Build configuration list for PBXNativeTarget "EssentialFeediOSTests" */;
			buildPhases = (
				3BC10F3E29E8A852002D280F /* Sources */,
				3BC10F3F29E8A852002D280F /* Frameworks */,
				3BC10F4029E8A852002D280F /* Resources */,
			);
			buildRules = (
			);
			dependencies = (
				3BC10F4429E8A852002D280F /* PBXTargetDependency */,
			);
			name = EssentialFeediOSTests;
			productName = EssentialFeediOSTests;
			productReference = 3BC10F4229E8A852002D280F /* EssentialFeediOSTests.xctest */;
			productType = "com.apple.product-type.bundle.unit-test";
		};
		3BC10F6329E8A87C002D280F /* EssentialFeed */ = {
			isa = PBXNativeTarget;
			buildConfigurationList = 3BC10F7929E8A87C002D280F /* Build configuration list for PBXNativeTarget "EssentialFeed" */;
			buildPhases = (
				3BC10F5F29E8A87C002D280F /* Headers */,
				3BC10F6029E8A87C002D280F /* Sources */,
				3BC10F6129E8A87C002D280F /* Frameworks */,
				3BC10F6229E8A87C002D280F /* Resources */,
			);
			buildRules = (
			);
			dependencies = (
			);
			name = EssentialFeed;
			productName = EssentialFeed;
			productReference = 3BC10F6429E8A87C002D280F /* EssentialFeed.framework */;
			productType = "com.apple.product-type.framework";
		};
		3BC10F6A29E8A87C002D280F /* EssentialFeedTests */ = {
			isa = PBXNativeTarget;
			buildConfigurationList = 3BC10F7D29E8A87C002D280F /* Build configuration list for PBXNativeTarget "EssentialFeedTests" */;
			buildPhases = (
				3BC10F6729E8A87C002D280F /* Sources */,
				3BC10F6829E8A87C002D280F /* Frameworks */,
				3BC10F6929E8A87C002D280F /* Resources */,
			);
			buildRules = (
			);
			dependencies = (
				3BC10F6E29E8A87C002D280F /* PBXTargetDependency */,
				3BC10F7029E8A87C002D280F /* PBXTargetDependency */,
			);
			name = EssentialFeedTests;
			productName = EssentialFeedTests;
			productReference = 3BC10F6B29E8A87C002D280F /* EssentialFeedTests.xctest */;
			productType = "com.apple.product-type.bundle.unit-test";
		};
		3BC10FBA29E8A9C8002D280F /* EssentialFeedAPIEndToEndTests */ = {
			isa = PBXNativeTarget;
			buildConfigurationList = 3BC10FC229E8A9C8002D280F /* Build configuration list for PBXNativeTarget "EssentialFeedAPIEndToEndTests" */;
			buildPhases = (
				3BC10FB729E8A9C8002D280F /* Sources */,
				3BC10FB829E8A9C8002D280F /* Frameworks */,
				3BC10FB929E8A9C8002D280F /* Resources */,
			);
			buildRules = (
			);
			dependencies = (
				3BC10FC129E8A9C8002D280F /* PBXTargetDependency */,
			);
			name = EssentialFeedAPIEndToEndTests;
			productName = EssentialFeedAPIEndToEndTests;
			productReference = 3BC10FBB29E8A9C8002D280F /* EssentialFeedAPIEndToEndTests.xctest */;
			productType = "com.apple.product-type.bundle.unit-test";
		};
/* End PBXNativeTarget section */

/* Begin PBXProject section */
		3BC10F2429E8A850002D280F /* Project object */ = {
			isa = PBXProject;
			attributes = {
				BuildIndependentTargetsInParallel = 1;
				LastSwiftUpdateCheck = 1430;
				LastUpgradeCheck = 1430;
				TargetAttributes = {
					3BC10F2B29E8A850002D280F = {
						CreatedOnToolsVersion = 14.3;
					};
					3BC10F4129E8A852002D280F = {
						CreatedOnToolsVersion = 14.3;
						TestTargetID = 3BC10F2B29E8A850002D280F;
					};
					3BC10F6329E8A87C002D280F = {
						CreatedOnToolsVersion = 14.3;
					};
					3BC10F6A29E8A87C002D280F = {
						CreatedOnToolsVersion = 14.3;
						TestTargetID = 3BC10F2B29E8A850002D280F;
					};
					3BC10FBA29E8A9C8002D280F = {
						CreatedOnToolsVersion = 14.3;
					};
				};
			};
			buildConfigurationList = 3BC10F2729E8A850002D280F /* Build configuration list for PBXProject "EssentialFeediOS" */;
			compatibilityVersion = "Xcode 14.0";
			developmentRegion = en;
			hasScannedForEncodings = 0;
			knownRegions = (
				en,
				Base,
			);
			mainGroup = 3BC10F2329E8A850002D280F;
			productRefGroup = 3BC10F2D29E8A850002D280F /* Products */;
			projectDirPath = "";
			projectRoot = "";
			targets = (
				3BC10F2B29E8A850002D280F /* EssentialFeediOS */,
				3BC10F4129E8A852002D280F /* EssentialFeediOSTests */,
				3BC10F6329E8A87C002D280F /* EssentialFeed */,
				3BC10F6A29E8A87C002D280F /* EssentialFeedTests */,
				3BC10FBA29E8A9C8002D280F /* EssentialFeedAPIEndToEndTests */,
			);
		};
/* End PBXProject section */

/* Begin PBXResourcesBuildPhase section */
		3BC10F2A29E8A850002D280F /* Resources */ = {
			isa = PBXResourcesBuildPhase;
			buildActionMask = 2147483647;
			files = (
				3BC10F3C29E8A852002D280F /* LaunchScreen.storyboard in Resources */,
				3BC10F3929E8A852002D280F /* Assets.xcassets in Resources */,
				3BC10F3729E8A850002D280F /* Main.storyboard in Resources */,
			);
			runOnlyForDeploymentPostprocessing = 0;
		};
		3BC10F4029E8A852002D280F /* Resources */ = {
			isa = PBXResourcesBuildPhase;
			buildActionMask = 2147483647;
			files = (
			);
			runOnlyForDeploymentPostprocessing = 0;
		};
		3BC10F6229E8A87C002D280F /* Resources */ = {
			isa = PBXResourcesBuildPhase;
			buildActionMask = 2147483647;
			files = (
			);
			runOnlyForDeploymentPostprocessing = 0;
		};
		3BC10F6929E8A87C002D280F /* Resources */ = {
			isa = PBXResourcesBuildPhase;
			buildActionMask = 2147483647;
			files = (
			);
			runOnlyForDeploymentPostprocessing = 0;
		};
		3BC10FB929E8A9C8002D280F /* Resources */ = {
			isa = PBXResourcesBuildPhase;
			buildActionMask = 2147483647;
			files = (
			);
			runOnlyForDeploymentPostprocessing = 0;
		};
/* End PBXResourcesBuildPhase section */

/* Begin PBXSourcesBuildPhase section */
		3BC10F2829E8A850002D280F /* Sources */ = {
			isa = PBXSourcesBuildPhase;
			buildActionMask = 2147483647;
			files = (
				3BC10F3429E8A850002D280F /* ViewController.swift in Sources */,
				3BC10F3029E8A850002D280F /* AppDelegate.swift in Sources */,
				3BC10F3229E8A850002D280F /* SceneDelegate.swift in Sources */,
			);
			runOnlyForDeploymentPostprocessing = 0;
		};
		3BC10F3E29E8A852002D280F /* Sources */ = {
			isa = PBXSourcesBuildPhase;
			buildActionMask = 2147483647;
			files = (
				3BC10F4729E8A852002D280F /* EssentialFeediOSTests.swift in Sources */,
			);
			runOnlyForDeploymentPostprocessing = 0;
		};
		3BC10F6029E8A87C002D280F /* Sources */ = {
			isa = PBXSourcesBuildPhase;
			buildActionMask = 2147483647;
			files = (
				3BC10F9829E8A91A002D280F /* FeedItemsMapper.swift in Sources */,
				3BC10F9A29E8A91A002D280F /* RemoteFeedLoader.swift in Sources */,
				3BC10F9629E8A91A002D280F /* URLSessionHttpClient.swift in Sources */,
				3BC10F9C29E8A91A002D280F /* LocalFeedLoader.swift in Sources */,
				3BC10F9929E8A91A002D280F /* HTTPClient.swift in Sources */,
				3BC10F9D29E8A91A002D280F /* FeedStore.swift in Sources */,
				3BC10F9B29E8A91A002D280F /* CodableFeedStore.swift in Sources */,
				3BC10F9E29E8A91A002D280F /* LocalFeedImage.swift in Sources */,
				3BC10F9F29E8A91A002D280F /* FeedCachePolicy.swift in Sources */,
				3BC10F9429E8A919002D280F /* FeedLoader.swift in Sources */,
				3BC10F9529E8A91A002D280F /* FeedImage.swift in Sources */,
				3BC10F9729E8A91A002D280F /* RemoteFeedImage.swift in Sources */,
			);
			runOnlyForDeploymentPostprocessing = 0;
		};
		3BC10F6729E8A87C002D280F /* Sources */ = {
			isa = PBXSourcesBuildPhase;
			buildActionMask = 2147483647;
			files = (
				3BC10FB629E8A939002D280F /* SharedTestsHelpers.swift in Sources */,
				3BC10FB029E8A939002D280F /* CodableFeedStoreTests.swift in Sources */,
				3BC10F8329E8A8FD002D280F /* LoadFeedFromRemoteUseCaseTests.swift in Sources */,
				3BC10F8429E8A8FD002D280F /* URLSessionHTTPClientTests.swift in Sources */,
				3BC10FB229E8A939002D280F /* XCTestCase+FeedStoreSpecs.swift in Sources */,
				3BC10FAE29E8A939002D280F /* FeedStoreSpecs.swift in Sources */,
				3BC10FAF29E8A939002D280F /* CacheFeedUseCaseTests.swift in Sources */,
				3BC10FAD29E8A939002D280F /* ValidateFeedCacheUseCacheTests.swift in Sources */,
				3BC10FB529E8A939002D280F /* XCTestCase+trackForMemoryLeaks.swift in Sources */,
				3BC10FB129E8A939002D280F /* LoadFeedFromCacheUseCaseTests.swift in Sources */,
				3BC10FB429E8A939002D280F /* FeedCacheTestHelpers.swift in Sources */,
				3BC10FB329E8A939002D280F /* FeedStoreSpy.swift in Sources */,
			);
			runOnlyForDeploymentPostprocessing = 0;
		};
		3BC10FB729E8A9C8002D280F /* Sources */ = {
			isa = PBXSourcesBuildPhase;
			buildActionMask = 2147483647;
			files = (
				3BC10FC729E8A9F4002D280F /* XCTestCase+trackForMemoryLeaks.swift in Sources */,
				3BC10FC629E8A9D3002D280F /* EssentialFeedAPIEndToEndTests.swift in Sources */,
			);
			runOnlyForDeploymentPostprocessing = 0;
		};
/* End PBXSourcesBuildPhase section */

/* Begin PBXTargetDependency section */
		3BC10F4429E8A852002D280F /* PBXTargetDependency */ = {
			isa = PBXTargetDependency;
			target = 3BC10F2B29E8A850002D280F /* EssentialFeediOS */;
			targetProxy = 3BC10F4329E8A852002D280F /* PBXContainerItemProxy */;
		};
		3BC10F6E29E8A87C002D280F /* PBXTargetDependency */ = {
			isa = PBXTargetDependency;
			target = 3BC10F6329E8A87C002D280F /* EssentialFeed */;
			targetProxy = 3BC10F6D29E8A87C002D280F /* PBXContainerItemProxy */;
		};
		3BC10F7029E8A87C002D280F /* PBXTargetDependency */ = {
			isa = PBXTargetDependency;
			target = 3BC10F2B29E8A850002D280F /* EssentialFeediOS */;
			targetProxy = 3BC10F6F29E8A87C002D280F /* PBXContainerItemProxy */;
		};
		3BC10F7629E8A87C002D280F /* PBXTargetDependency */ = {
			isa = PBXTargetDependency;
			target = 3BC10F6329E8A87C002D280F /* EssentialFeed */;
			targetProxy = 3BC10F7529E8A87C002D280F /* PBXContainerItemProxy */;
		};
		3BC10FC129E8A9C8002D280F /* PBXTargetDependency */ = {
			isa = PBXTargetDependency;
			platformFilter = ios;
			target = 3BC10F6329E8A87C002D280F /* EssentialFeed */;
			targetProxy = 3BC10FC029E8A9C8002D280F /* PBXContainerItemProxy */;
		};
/* End PBXTargetDependency section */

/* Begin PBXVariantGroup section */
		3BC10F3529E8A850002D280F /* Main.storyboard */ = {
			isa = PBXVariantGroup;
			children = (
				3BC10F3629E8A850002D280F /* Base */,
			);
			name = Main.storyboard;
			sourceTree = "<group>";
		};
		3BC10F3A29E8A852002D280F /* LaunchScreen.storyboard */ = {
			isa = PBXVariantGroup;
			children = (
				3BC10F3B29E8A852002D280F /* Base */,
			);
			name = LaunchScreen.storyboard;
			sourceTree = "<group>";
		};
/* End PBXVariantGroup section */

/* Begin XCBuildConfiguration section */
		3BC10F5429E8A852002D280F /* Debug */ = {
			isa = XCBuildConfiguration;
			buildSettings = {
				ALWAYS_SEARCH_USER_PATHS = NO;
				CLANG_ANALYZER_NONNULL = YES;
				CLANG_ANALYZER_NUMBER_OBJECT_CONVERSION = YES_AGGRESSIVE;
				CLANG_CXX_LANGUAGE_STANDARD = "gnu++20";
				CLANG_ENABLE_MODULES = YES;
				CLANG_ENABLE_OBJC_ARC = YES;
				CLANG_ENABLE_OBJC_WEAK = YES;
				CLANG_WARN_BLOCK_CAPTURE_AUTORELEASING = YES;
				CLANG_WARN_BOOL_CONVERSION = YES;
				CLANG_WARN_COMMA = YES;
				CLANG_WARN_CONSTANT_CONVERSION = YES;
				CLANG_WARN_DEPRECATED_OBJC_IMPLEMENTATIONS = YES;
				CLANG_WARN_DIRECT_OBJC_ISA_USAGE = YES_ERROR;
				CLANG_WARN_DOCUMENTATION_COMMENTS = YES;
				CLANG_WARN_EMPTY_BODY = YES;
				CLANG_WARN_ENUM_CONVERSION = YES;
				CLANG_WARN_INFINITE_RECURSION = YES;
				CLANG_WARN_INT_CONVERSION = YES;
				CLANG_WARN_NON_LITERAL_NULL_CONVERSION = YES;
				CLANG_WARN_OBJC_IMPLICIT_RETAIN_SELF = YES;
				CLANG_WARN_OBJC_LITERAL_CONVERSION = YES;
				CLANG_WARN_OBJC_ROOT_CLASS = YES_ERROR;
				CLANG_WARN_QUOTED_INCLUDE_IN_FRAMEWORK_HEADER = YES;
				CLANG_WARN_RANGE_LOOP_ANALYSIS = YES;
				CLANG_WARN_STRICT_PROTOTYPES = YES;
				CLANG_WARN_SUSPICIOUS_MOVE = YES;
				CLANG_WARN_UNGUARDED_AVAILABILITY = YES_AGGRESSIVE;
				CLANG_WARN_UNREACHABLE_CODE = YES;
				CLANG_WARN__DUPLICATE_METHOD_MATCH = YES;
				COPY_PHASE_STRIP = NO;
				DEBUG_INFORMATION_FORMAT = dwarf;
				ENABLE_STRICT_OBJC_MSGSEND = YES;
				ENABLE_TESTABILITY = YES;
				GCC_C_LANGUAGE_STANDARD = gnu11;
				GCC_DYNAMIC_NO_PIC = NO;
				GCC_NO_COMMON_BLOCKS = YES;
				GCC_OPTIMIZATION_LEVEL = 0;
				GCC_PREPROCESSOR_DEFINITIONS = (
					"DEBUG=1",
					"$(inherited)",
				);
				GCC_WARN_64_TO_32_BIT_CONVERSION = YES;
				GCC_WARN_ABOUT_RETURN_TYPE = YES_ERROR;
				GCC_WARN_UNDECLARED_SELECTOR = YES;
				GCC_WARN_UNINITIALIZED_AUTOS = YES_AGGRESSIVE;
				GCC_WARN_UNUSED_FUNCTION = YES;
				GCC_WARN_UNUSED_VARIABLE = YES;
				IPHONEOS_DEPLOYMENT_TARGET = 16.4;
				MTL_ENABLE_DEBUG_INFO = INCLUDE_SOURCE;
				MTL_FAST_MATH = YES;
				ONLY_ACTIVE_ARCH = YES;
				SDKROOT = iphoneos;
				SWIFT_ACTIVE_COMPILATION_CONDITIONS = DEBUG;
				SWIFT_OPTIMIZATION_LEVEL = "-Onone";
			};
			name = Debug;
		};
		3BC10F5529E8A852002D280F /* Release */ = {
			isa = XCBuildConfiguration;
			buildSettings = {
				ALWAYS_SEARCH_USER_PATHS = NO;
				CLANG_ANALYZER_NONNULL = YES;
				CLANG_ANALYZER_NUMBER_OBJECT_CONVERSION = YES_AGGRESSIVE;
				CLANG_CXX_LANGUAGE_STANDARD = "gnu++20";
				CLANG_ENABLE_MODULES = YES;
				CLANG_ENABLE_OBJC_ARC = YES;
				CLANG_ENABLE_OBJC_WEAK = YES;
				CLANG_WARN_BLOCK_CAPTURE_AUTORELEASING = YES;
				CLANG_WARN_BOOL_CONVERSION = YES;
				CLANG_WARN_COMMA = YES;
				CLANG_WARN_CONSTANT_CONVERSION = YES;
				CLANG_WARN_DEPRECATED_OBJC_IMPLEMENTATIONS = YES;
				CLANG_WARN_DIRECT_OBJC_ISA_USAGE = YES_ERROR;
				CLANG_WARN_DOCUMENTATION_COMMENTS = YES;
				CLANG_WARN_EMPTY_BODY = YES;
				CLANG_WARN_ENUM_CONVERSION = YES;
				CLANG_WARN_INFINITE_RECURSION = YES;
				CLANG_WARN_INT_CONVERSION = YES;
				CLANG_WARN_NON_LITERAL_NULL_CONVERSION = YES;
				CLANG_WARN_OBJC_IMPLICIT_RETAIN_SELF = YES;
				CLANG_WARN_OBJC_LITERAL_CONVERSION = YES;
				CLANG_WARN_OBJC_ROOT_CLASS = YES_ERROR;
				CLANG_WARN_QUOTED_INCLUDE_IN_FRAMEWORK_HEADER = YES;
				CLANG_WARN_RANGE_LOOP_ANALYSIS = YES;
				CLANG_WARN_STRICT_PROTOTYPES = YES;
				CLANG_WARN_SUSPICIOUS_MOVE = YES;
				CLANG_WARN_UNGUARDED_AVAILABILITY = YES_AGGRESSIVE;
				CLANG_WARN_UNREACHABLE_CODE = YES;
				CLANG_WARN__DUPLICATE_METHOD_MATCH = YES;
				COPY_PHASE_STRIP = NO;
				DEBUG_INFORMATION_FORMAT = "dwarf-with-dsym";
				ENABLE_NS_ASSERTIONS = NO;
				ENABLE_STRICT_OBJC_MSGSEND = YES;
				GCC_C_LANGUAGE_STANDARD = gnu11;
				GCC_NO_COMMON_BLOCKS = YES;
				GCC_WARN_64_TO_32_BIT_CONVERSION = YES;
				GCC_WARN_ABOUT_RETURN_TYPE = YES_ERROR;
				GCC_WARN_UNDECLARED_SELECTOR = YES;
				GCC_WARN_UNINITIALIZED_AUTOS = YES_AGGRESSIVE;
				GCC_WARN_UNUSED_FUNCTION = YES;
				GCC_WARN_UNUSED_VARIABLE = YES;
				IPHONEOS_DEPLOYMENT_TARGET = 16.4;
				MTL_ENABLE_DEBUG_INFO = NO;
				MTL_FAST_MATH = YES;
				SDKROOT = iphoneos;
				SWIFT_COMPILATION_MODE = wholemodule;
				SWIFT_OPTIMIZATION_LEVEL = "-O";
				VALIDATE_PRODUCT = YES;
			};
			name = Release;
		};
		3BC10F5729E8A852002D280F /* Debug */ = {
			isa = XCBuildConfiguration;
			buildSettings = {
				ALWAYS_EMBED_SWIFT_STANDARD_LIBRARIES = YES;
				ASSETCATALOG_COMPILER_APPICON_NAME = AppIcon;
				ASSETCATALOG_COMPILER_GLOBAL_ACCENT_COLOR_NAME = AccentColor;
				CODE_SIGN_STYLE = Automatic;
				CURRENT_PROJECT_VERSION = 1;
				DEVELOPMENT_TEAM = M967Y25A5P;
				GENERATE_INFOPLIST_FILE = YES;
				INFOPLIST_FILE = EssentialFeediOS/Info.plist;
				INFOPLIST_KEY_UIApplicationSupportsIndirectInputEvents = YES;
				INFOPLIST_KEY_UILaunchStoryboardName = LaunchScreen;
				INFOPLIST_KEY_UIMainStoryboardFile = Main;
				INFOPLIST_KEY_UISupportedInterfaceOrientations_iPad = "UIInterfaceOrientationPortrait UIInterfaceOrientationPortraitUpsideDown UIInterfaceOrientationLandscapeLeft UIInterfaceOrientationLandscapeRight";
				INFOPLIST_KEY_UISupportedInterfaceOrientations_iPhone = "UIInterfaceOrientationPortrait UIInterfaceOrientationLandscapeLeft UIInterfaceOrientationLandscapeRight";
				LD_RUNPATH_SEARCH_PATHS = (
					"$(inherited)",
					"@executable_path/Frameworks",
				);
				MARKETING_VERSION = 1.0;
				PRODUCT_BUNDLE_IDENTIFIER = pbf.EssentialFeediOS;
				PRODUCT_NAME = "$(TARGET_NAME)";
				SWIFT_EMIT_LOC_STRINGS = YES;
				SWIFT_VERSION = 5.0;
				TARGETED_DEVICE_FAMILY = "1,2";
			};
			name = Debug;
		};
		3BC10F5829E8A852002D280F /* Release */ = {
			isa = XCBuildConfiguration;
			buildSettings = {
				ALWAYS_EMBED_SWIFT_STANDARD_LIBRARIES = YES;
				ASSETCATALOG_COMPILER_APPICON_NAME = AppIcon;
				ASSETCATALOG_COMPILER_GLOBAL_ACCENT_COLOR_NAME = AccentColor;
				CODE_SIGN_STYLE = Automatic;
				CURRENT_PROJECT_VERSION = 1;
				DEVELOPMENT_TEAM = M967Y25A5P;
				GENERATE_INFOPLIST_FILE = YES;
				INFOPLIST_FILE = EssentialFeediOS/Info.plist;
				INFOPLIST_KEY_UIApplicationSupportsIndirectInputEvents = YES;
				INFOPLIST_KEY_UILaunchStoryboardName = LaunchScreen;
				INFOPLIST_KEY_UIMainStoryboardFile = Main;
				INFOPLIST_KEY_UISupportedInterfaceOrientations_iPad = "UIInterfaceOrientationPortrait UIInterfaceOrientationPortraitUpsideDown UIInterfaceOrientationLandscapeLeft UIInterfaceOrientationLandscapeRight";
				INFOPLIST_KEY_UISupportedInterfaceOrientations_iPhone = "UIInterfaceOrientationPortrait UIInterfaceOrientationLandscapeLeft UIInterfaceOrientationLandscapeRight";
				LD_RUNPATH_SEARCH_PATHS = (
					"$(inherited)",
					"@executable_path/Frameworks",
				);
				MARKETING_VERSION = 1.0;
				PRODUCT_BUNDLE_IDENTIFIER = pbf.EssentialFeediOS;
				PRODUCT_NAME = "$(TARGET_NAME)";
				SWIFT_EMIT_LOC_STRINGS = YES;
				SWIFT_VERSION = 5.0;
				TARGETED_DEVICE_FAMILY = "1,2";
			};
			name = Release;
		};
		3BC10F5A29E8A852002D280F /* Debug */ = {
			isa = XCBuildConfiguration;
			buildSettings = {
				ALWAYS_EMBED_SWIFT_STANDARD_LIBRARIES = YES;
				BUNDLE_LOADER = "$(TEST_HOST)";
				CODE_SIGN_STYLE = Automatic;
				CURRENT_PROJECT_VERSION = 1;
				DEVELOPMENT_TEAM = M967Y25A5P;
				GENERATE_INFOPLIST_FILE = YES;
				IPHONEOS_DEPLOYMENT_TARGET = 16.4;
				MARKETING_VERSION = 1.0;
				PRODUCT_BUNDLE_IDENTIFIER = pbf.EssentialFeediOSTests;
				PRODUCT_NAME = "$(TARGET_NAME)";
				SWIFT_EMIT_LOC_STRINGS = NO;
				SWIFT_VERSION = 5.0;
				TARGETED_DEVICE_FAMILY = "1,2";
				TEST_HOST = "$(BUILT_PRODUCTS_DIR)/EssentialFeediOS.app/$(BUNDLE_EXECUTABLE_FOLDER_PATH)/EssentialFeediOS";
			};
			name = Debug;
		};
		3BC10F5B29E8A852002D280F /* Release */ = {
			isa = XCBuildConfiguration;
			buildSettings = {
				ALWAYS_EMBED_SWIFT_STANDARD_LIBRARIES = YES;
				BUNDLE_LOADER = "$(TEST_HOST)";
				CODE_SIGN_STYLE = Automatic;
				CURRENT_PROJECT_VERSION = 1;
				DEVELOPMENT_TEAM = M967Y25A5P;
				GENERATE_INFOPLIST_FILE = YES;
				IPHONEOS_DEPLOYMENT_TARGET = 16.4;
				MARKETING_VERSION = 1.0;
				PRODUCT_BUNDLE_IDENTIFIER = pbf.EssentialFeediOSTests;
				PRODUCT_NAME = "$(TARGET_NAME)";
				SWIFT_EMIT_LOC_STRINGS = NO;
				SWIFT_VERSION = 5.0;
				TARGETED_DEVICE_FAMILY = "1,2";
				TEST_HOST = "$(BUILT_PRODUCTS_DIR)/EssentialFeediOS.app/$(BUNDLE_EXECUTABLE_FOLDER_PATH)/EssentialFeediOS";
			};
			name = Release;
		};
		3BC10F7A29E8A87C002D280F /* Debug */ = {
			isa = XCBuildConfiguration;
			buildSettings = {
				CODE_SIGN_STYLE = Automatic;
				CURRENT_PROJECT_VERSION = 1;
				DEFINES_MODULE = YES;
				DEVELOPMENT_TEAM = M967Y25A5P;
				DYLIB_COMPATIBILITY_VERSION = 1;
				DYLIB_CURRENT_VERSION = 1;
				DYLIB_INSTALL_NAME_BASE = "@rpath";
				ENABLE_MODULE_VERIFIER = YES;
				GENERATE_INFOPLIST_FILE = YES;
				INFOPLIST_KEY_NSHumanReadableCopyright = "";
				INSTALL_PATH = "$(LOCAL_LIBRARY_DIR)/Frameworks";
				IPHONEOS_DEPLOYMENT_TARGET = 16.4;
				LD_RUNPATH_SEARCH_PATHS = (
					"@executable_path/Frameworks",
					"@loader_path/Frameworks",
				);
				"LD_RUNPATH_SEARCH_PATHS[sdk=macosx*]" = (
					"@executable_path/../Frameworks",
					"@loader_path/Frameworks",
				);
				MACOSX_DEPLOYMENT_TARGET = 13.3;
				MARKETING_VERSION = 1.0;
				MODULE_VERIFIER_SUPPORTED_LANGUAGES = "objective-c objective-c++";
				MODULE_VERIFIER_SUPPORTED_LANGUAGE_STANDARDS = "gnu11 gnu++20";
				PRODUCT_BUNDLE_IDENTIFIER = pbf.EssentialFeed;
				PRODUCT_NAME = "$(TARGET_NAME:c99extidentifier)";
				SDKROOT = auto;
				SKIP_INSTALL = YES;
				SUPPORTED_PLATFORMS = "iphoneos iphonesimulator macosx";
				SWIFT_EMIT_LOC_STRINGS = YES;
				SWIFT_VERSION = 5.0;
				TARGETED_DEVICE_FAMILY = "1,2";
				VERSIONING_SYSTEM = "apple-generic";
				VERSION_INFO_PREFIX = "";
			};
			name = Debug;
		};
		3BC10F7B29E8A87C002D280F /* Release */ = {
			isa = XCBuildConfiguration;
			buildSettings = {
				CODE_SIGN_STYLE = Automatic;
				CURRENT_PROJECT_VERSION = 1;
				DEFINES_MODULE = YES;
				DEVELOPMENT_TEAM = M967Y25A5P;
				DYLIB_COMPATIBILITY_VERSION = 1;
				DYLIB_CURRENT_VERSION = 1;
				DYLIB_INSTALL_NAME_BASE = "@rpath";
				ENABLE_MODULE_VERIFIER = YES;
				GENERATE_INFOPLIST_FILE = YES;
				INFOPLIST_KEY_NSHumanReadableCopyright = "";
				INSTALL_PATH = "$(LOCAL_LIBRARY_DIR)/Frameworks";
				IPHONEOS_DEPLOYMENT_TARGET = 16.4;
				LD_RUNPATH_SEARCH_PATHS = (
					"@executable_path/Frameworks",
					"@loader_path/Frameworks",
				);
				"LD_RUNPATH_SEARCH_PATHS[sdk=macosx*]" = (
					"@executable_path/../Frameworks",
					"@loader_path/Frameworks",
				);
				MACOSX_DEPLOYMENT_TARGET = 13.3;
				MARKETING_VERSION = 1.0;
				MODULE_VERIFIER_SUPPORTED_LANGUAGES = "objective-c objective-c++";
				MODULE_VERIFIER_SUPPORTED_LANGUAGE_STANDARDS = "gnu11 gnu++20";
				PRODUCT_BUNDLE_IDENTIFIER = pbf.EssentialFeed;
				PRODUCT_NAME = "$(TARGET_NAME:c99extidentifier)";
				SDKROOT = auto;
				SKIP_INSTALL = YES;
				SUPPORTED_PLATFORMS = "iphoneos iphonesimulator macosx";
				SWIFT_EMIT_LOC_STRINGS = YES;
				SWIFT_VERSION = 5.0;
				TARGETED_DEVICE_FAMILY = "1,2";
				VERSIONING_SYSTEM = "apple-generic";
				VERSION_INFO_PREFIX = "";
			};
			name = Release;
		};
		3BC10F7E29E8A87C002D280F /* Debug */ = {
			isa = XCBuildConfiguration;
			buildSettings = {
				ALWAYS_EMBED_SWIFT_STANDARD_LIBRARIES = YES;
				CODE_SIGN_STYLE = Automatic;
				CURRENT_PROJECT_VERSION = 1;
				DEVELOPMENT_TEAM = M967Y25A5P;
				GENERATE_INFOPLIST_FILE = YES;
				IPHONEOS_DEPLOYMENT_TARGET = 16.4;
				MACOSX_DEPLOYMENT_TARGET = 13.3;
				MARKETING_VERSION = 1.0;
				PRODUCT_BUNDLE_IDENTIFIER = pbf.EssentialFeedTests;
				PRODUCT_NAME = "$(TARGET_NAME)";
				SDKROOT = auto;
				SUPPORTED_PLATFORMS = "iphoneos iphonesimulator macosx";
				SWIFT_EMIT_LOC_STRINGS = NO;
				SWIFT_VERSION = 5.0;
				TARGETED_DEVICE_FAMILY = "1,2";
				TEST_HOST = "$(BUILT_PRODUCTS_DIR)/EssentialFeediOS.app/$(BUNDLE_EXECUTABLE_FOLDER_PATH)/EssentialFeediOS";
			};
			name = Debug;
		};
		3BC10F7F29E8A87C002D280F /* Release */ = {
			isa = XCBuildConfiguration;
			buildSettings = {
				ALWAYS_EMBED_SWIFT_STANDARD_LIBRARIES = YES;
				CODE_SIGN_STYLE = Automatic;
				CURRENT_PROJECT_VERSION = 1;
				DEVELOPMENT_TEAM = M967Y25A5P;
				GENERATE_INFOPLIST_FILE = YES;
				IPHONEOS_DEPLOYMENT_TARGET = 16.4;
				MACOSX_DEPLOYMENT_TARGET = 13.3;
				MARKETING_VERSION = 1.0;
				PRODUCT_BUNDLE_IDENTIFIER = pbf.EssentialFeedTests;
				PRODUCT_NAME = "$(TARGET_NAME)";
				SDKROOT = auto;
				SUPPORTED_PLATFORMS = "iphoneos iphonesimulator macosx";
				SWIFT_EMIT_LOC_STRINGS = NO;
				SWIFT_VERSION = 5.0;
				TARGETED_DEVICE_FAMILY = "1,2";
				TEST_HOST = "$(BUILT_PRODUCTS_DIR)/EssentialFeediOS.app/$(BUNDLE_EXECUTABLE_FOLDER_PATH)/EssentialFeediOS";
			};
			name = Release;
		};
		3BC10FC329E8A9C8002D280F /* Debug */ = {
			isa = XCBuildConfiguration;
			buildSettings = {
				CODE_SIGN_STYLE = Automatic;
				CURRENT_PROJECT_VERSION = 1;
				DEVELOPMENT_TEAM = M967Y25A5P;
				GENERATE_INFOPLIST_FILE = YES;
				MARKETING_VERSION = 1.0;
				PRODUCT_BUNDLE_IDENTIFIER = pbf.EssentialFeedAPIEndToEndTests;
				PRODUCT_NAME = "$(TARGET_NAME)";
				SWIFT_EMIT_LOC_STRINGS = NO;
				SWIFT_VERSION = 5.0;
				TARGETED_DEVICE_FAMILY = "1,2";
			};
			name = Debug;
		};
		3BC10FC429E8A9C8002D280F /* Release */ = {
			isa = XCBuildConfiguration;
			buildSettings = {
				CODE_SIGN_STYLE = Automatic;
				CURRENT_PROJECT_VERSION = 1;
				DEVELOPMENT_TEAM = M967Y25A5P;
				GENERATE_INFOPLIST_FILE = YES;
				MARKETING_VERSION = 1.0;
				PRODUCT_BUNDLE_IDENTIFIER = pbf.EssentialFeedAPIEndToEndTests;
				PRODUCT_NAME = "$(TARGET_NAME)";
				SWIFT_EMIT_LOC_STRINGS = NO;
				SWIFT_VERSION = 5.0;
				TARGETED_DEVICE_FAMILY = "1,2";
			};
			name = Release;
		};
/* End XCBuildConfiguration section */

/* Begin XCConfigurationList section */
		3BC10F2729E8A850002D280F /* Build configuration list for PBXProject "EssentialFeediOS" */ = {
			isa = XCConfigurationList;
			buildConfigurations = (
				3BC10F5429E8A852002D280F /* Debug */,
				3BC10F5529E8A852002D280F /* Release */,
			);
			defaultConfigurationIsVisible = 0;
			defaultConfigurationName = Release;
		};
		3BC10F5629E8A852002D280F /* Build configuration list for PBXNativeTarget "EssentialFeediOS" */ = {
			isa = XCConfigurationList;
			buildConfigurations = (
				3BC10F5729E8A852002D280F /* Debug */,
				3BC10F5829E8A852002D280F /* Release */,
			);
			defaultConfigurationIsVisible = 0;
			defaultConfigurationName = Release;
		};
		3BC10F5929E8A852002D280F /* Build configuration list for PBXNativeTarget "EssentialFeediOSTests" */ = {
			isa = XCConfigurationList;
			buildConfigurations = (
				3BC10F5A29E8A852002D280F /* Debug */,
				3BC10F5B29E8A852002D280F /* Release */,
			);
			defaultConfigurationIsVisible = 0;
			defaultConfigurationName = Release;
		};
		3BC10F7929E8A87C002D280F /* Build configuration list for PBXNativeTarget "EssentialFeed" */ = {
			isa = XCConfigurationList;
			buildConfigurations = (
				3BC10F7A29E8A87C002D280F /* Debug */,
				3BC10F7B29E8A87C002D280F /* Release */,
			);
			defaultConfigurationIsVisible = 0;
			defaultConfigurationName = Release;
		};
		3BC10F7D29E8A87C002D280F /* Build configuration list for PBXNativeTarget "EssentialFeedTests" */ = {
			isa = XCConfigurationList;
			buildConfigurations = (
				3BC10F7E29E8A87C002D280F /* Debug */,
				3BC10F7F29E8A87C002D280F /* Release */,
			);
			defaultConfigurationIsVisible = 0;
			defaultConfigurationName = Release;
		};
		3BC10FC229E8A9C8002D280F /* Build configuration list for PBXNativeTarget "EssentialFeedAPIEndToEndTests" */ = {
			isa = XCConfigurationList;
			buildConfigurations = (
				3BC10FC329E8A9C8002D280F /* Debug */,
				3BC10FC429E8A9C8002D280F /* Release */,
			);
			defaultConfigurationIsVisible = 0;
			defaultConfigurationName = Release;
		};
/* End XCConfigurationList section */
	};
	rootObject = 3BC10F2429E8A850002D280F /* Project object */;
}
